<Project xmlns="http://schemas.microsoft.com/developer/msbuild/2003">
  <PropertyGroup>
    <ProjectGuid>{5d9ad3c5-dd03-479a-821e-86d977d7eeb4}</ProjectGuid>
    <MainSource>TerminPlaner.dpr</MainSource>
    <Configuration Condition=" '$(Configuration)' == '' ">Debug</Configuration>
    <Platform Condition=" '$(Platform)' == '' ">AnyCPU</Platform>
    <DCC_DCCCompiler>DCC32</DCC_DCCCompiler>
    <DCC_DependencyCheckOutputName>TerminPlaner.exe</DCC_DependencyCheckOutputName>
  </PropertyGroup>
  <PropertyGroup Condition=" '$(Configuration)|$(Platform)' == 'Release|AnyCPU' ">
    <Version>7.0</Version>
    <DCC_Alignment>0</DCC_Alignment>
    <DCC_DebugInformation>False</DCC_DebugInformation>
    <DCC_IOChecking>False</DCC_IOChecking>
    <DCC_WriteableConstants>True</DCC_WriteableConstants>
    <DCC_LocalDebugSymbols>False</DCC_LocalDebugSymbols>
    <DCC_SymbolReferenceInfo>0</DCC_SymbolReferenceInfo>
    <DCC_DebugInfoInExe>True</DCC_DebugInfoInExe>
    <DCC_DebugVN>True</DCC_DebugVN>
    <DCC_UnitSearchPath>$(DELPHI)\Lib\Debug;G:\delphidownloads\ibobjects\src4;G:\delphidownloads\tms\src</DCC_UnitSearchPath>
    <DCC_ResourcePath>$(DELPHI)\Lib\Debug;G:\delphidownloads\ibobjects\src4;G:\delphidownloads\tms\src</DCC_ResourcePath>
    <DCC_ObjPath>$(DELPHI)\Lib\Debug;G:\delphidownloads\ibobjects\src4;G:\delphidownloads\tms\src</DCC_ObjPath>
    <DCC_IncludePath>$(DELPHI)\Lib\Debug;G:\delphidownloads\ibobjects\src4;G:\delphidownloads\tms\src</DCC_IncludePath>
    <DCC_Define>RELEASE</DCC_Define>
  </PropertyGroup>
  <PropertyGroup Condition=" '$(Configuration)|$(Platform)' == 'Debug|AnyCPU' ">
    <Version>7.0</Version>
    <DCC_Alignment>0</DCC_Alignment>
    <DCC_IOChecking>False</DCC_IOChecking>
    <DCC_WriteableConstants>True</DCC_WriteableConstants>
    <DCC_DebugInfoInExe>True</DCC_DebugInfoInExe>
    <DCC_DebugVN>True</DCC_DebugVN>
    <DCC_UnitSearchPath>$(DELPHI)\Lib\Debug</DCC_UnitSearchPath>
    <DCC_ResourcePath>$(DELPHI)\Lib\Debug</DCC_ResourcePath>
    <DCC_ObjPath>$(DELPHI)\Lib\Debug</DCC_ObjPath>
    <DCC_IncludePath>$(DELPHI)\Lib\Debug</DCC_IncludePath>
    <DCC_Define>DEBUG</DCC_Define>
    <DCC_DcuOutput>..\..\dcu</DCC_DcuOutput>
    <DCC_ObjOutput>..\..\dcu</DCC_ObjOutput>
    <DCC_HppOutput>..\..\dcu</DCC_HppOutput>
  </PropertyGroup>
  <ProjectExtensions>
    <Borland.Personality>Delphi.Personality</Borland.Personality>
    <Borland.ProjectType>VCLApplication</Borland.ProjectType>
    <BorlandProject>
<BorlandProject xmlns=""> <Delphi.Personality>   <Parameters>
      <Parameters Name="UseLauncher">False</Parameters>
      <Parameters Name="LoadAllSymbols">True</Parameters>
      <Parameters Name="LoadUnspecifiedSymbols">False</Parameters>
    </Parameters>
    <Language>
      <Language Name="ProjectLang">$00000407</Language>
    </Language>
    <VersionInfo>
      <VersionInfo Name="IncludeVerInfo">False</VersionInfo>
      <VersionInfo Name="AutoIncBuild">False</VersionInfo>
      <VersionInfo Name="MajorVer">1</VersionInfo>
      <VersionInfo Name="MinorVer">0</VersionInfo>
      <VersionInfo Name="Release">0</VersionInfo>
      <VersionInfo Name="Build">0</VersionInfo>
      <VersionInfo Name="Debug">False</VersionInfo>
      <VersionInfo Name="PreRelease">False</VersionInfo>
      <VersionInfo Name="Special">False</VersionInfo>
      <VersionInfo Name="Private">False</VersionInfo>
      <VersionInfo Name="DLL">False</VersionInfo>
      <VersionInfo Name="Locale">1031</VersionInfo>
      <VersionInfo Name="CodePage">1252</VersionInfo>
    </VersionInfo>
    <VersionInfoKeys>
      <VersionInfoKeys Name="CompanyName"></VersionInfoKeys>
      <VersionInfoKeys Name="FileDescription"></VersionInfoKeys>
      <VersionInfoKeys Name="FileVersion">1.0.0.0</VersionInfoKeys>
      <VersionInfoKeys Name="InternalName"></VersionInfoKeys>
      <VersionInfoKeys Name="LegalCopyright"></VersionInfoKeys>
      <VersionInfoKeys Name="LegalTrademarks"></VersionInfoKeys>
      <VersionInfoKeys Name="OriginalFilename"></VersionInfoKeys>
      <VersionInfoKeys Name="ProductName"></VersionInfoKeys>
      <VersionInfoKeys Name="ProductVersion">1.0.0.0</VersionInfoKeys>
      <VersionInfoKeys Name="Comments"></VersionInfoKeys>
    </VersionInfoKeys>
    <Source>
      <Source Name="MainSource">TerminPlaner.dpr</Source>
    </Source>
  </Delphi.Personality> </BorlandProject></BorlandProject>
  </ProjectExtensions>
  <Import Project="$(MSBuildBinPath)\Borland.Delphi.Targets" />
  <ItemGroup>
    <DelphiCompile Include="TerminPlaner.dpr">
      <MainSource>MainSource</MainSource>
    </DelphiCompile>
    <DCCReference Include="..\Anfix32\anfix32.pas" />
    <DCCReference Include="..\Anfix32\gplists.pas" />
    <DCCReference Include="..\Anfix32\html.pas" />
    <DCCReference Include="..\Anfix32\SHFolders.pas" />
    <DCCReference Include="globals.pas" />
    <DCCReference Include="HilfeAnzeige.pas">
      <Form>FormHilfeAnzeige</Form>
    </DCCReference>
    <DCCReference Include="KalenderAnsicht.pas">
      <Form>FormKalenderAnsicht</Form>
    </DCCReference>
    <None Include="..\rev\TerminPlaner.rev.txt" />
  </ItemGroup>
</Project>