	<Project xmlns="http://schemas.microsoft.com/developer/msbuild/2003">
		<PropertyGroup>
			<ProjectGuid>{a1db566d-4249-4c62-ac27-a3116d2c4137}</ProjectGuid>
			<MainSource>WatchDog.dpr</MainSource>
			<Configuration Condition=" '$(Configuration)' == '' ">Debug</Configuration>
			<Platform Condition=" '$(Platform)' == '' ">AnyCPU</Platform>
			<DCC_DCCCompiler>DCC32</DCC_DCCCompiler>
			<DCC_DependencyCheckOutputName>WatchDog.exe</DCC_DependencyCheckOutputName>
			<ProjectVersion>12.0</ProjectVersion>
			<Config Condition="'$(Config)'==''">Debug</Config>
		</PropertyGroup>
		<PropertyGroup Condition="'$(Config)'=='Basis' or '$(Base)'!=''">
			<Base>true</Base>
		</PropertyGroup>
		<PropertyGroup Condition="'$(Config)'=='Release' or '$(Cfg_1)'!=''">
			<Cfg_1>true</Cfg_1>
			<CfgParent>Base</CfgParent>
			<Base>true</Base>
		</PropertyGroup>
		<PropertyGroup Condition="'$(Config)'=='Debug' or '$(Cfg_2)'!=''">
			<Cfg_2>true</Cfg_2>
			<CfgParent>Base</CfgParent>
			<Base>true</Base>
		</PropertyGroup>
		<PropertyGroup Condition="'$(Base)'!=''">
			<DCC_UnitSearchPath>..\dcpcrypt\hashes;..\dcpcrypt\ciphers;..\dcpcrypt;$(DCC_UnitSearchPath)</DCC_UnitSearchPath>
			<DCC_DcuOutput>..\..\dcu-console</DCC_DcuOutput>
			<DCC_DependencyCheckOutputName>WatchDog.exe</DCC_DependencyCheckOutputName>
		</PropertyGroup>
		<PropertyGroup Condition="'$(Cfg_1)'!=''">
			<Version>7.0</Version>
			<DCC_DebugInformation>False</DCC_DebugInformation>
			<DCC_IOChecking>False</DCC_IOChecking>
			<DCC_WriteableConstants>True</DCC_WriteableConstants>
			<DCC_LocalDebugSymbols>False</DCC_LocalDebugSymbols>
			<DCC_Optimize>False</DCC_Optimize>
			<DCC_StrictVarStrings>False</DCC_StrictVarStrings>
			<DCC_GenerateStackFrames>True</DCC_GenerateStackFrames>
			<DCC_SymbolReferenceInfo>0</DCC_SymbolReferenceInfo>
			<DCC_MapFile>3</DCC_MapFile>
			<DCC_ResourcePath>G:\delphidownloads\vclzip;G:\delphidownloads\ibobjects\src4;G:\delphidownloads\tms\src;G:\delphidownloads\xmlrpc\src;G:\delphidownloads\indy.9.0.18;G:\delphidownloads\png\src;G:\DelphiDownloads\TurboPower\Orpheus\packages;G:\DelphiDownloads\md5\src\Hashes;G:\DelphiDownloads\md5\src\Ciphers;G:\DelphiDownloads\md5\src;$(DCC_ResourcePath)</DCC_ResourcePath>
			<DCC_ObjPath>G:\delphidownloads\vclzip;G:\delphidownloads\ibobjects\src4;G:\delphidownloads\tms\src;G:\delphidownloads\xmlrpc\src;G:\delphidownloads\indy.9.0.18;G:\delphidownloads\png\src;G:\DelphiDownloads\TurboPower\Orpheus\packages;G:\DelphiDownloads\md5\src\Hashes;G:\DelphiDownloads\md5\src\Ciphers;G:\DelphiDownloads\md5\src;$(DCC_ObjPath)</DCC_ObjPath>
			<DCC_IncludePath>G:\delphidownloads\vclzip;G:\delphidownloads\ibobjects\src4;G:\delphidownloads\tms\src;G:\delphidownloads\xmlrpc\src;G:\delphidownloads\indy.9.0.18;G:\delphidownloads\png\src;G:\DelphiDownloads\TurboPower\Orpheus\packages;G:\DelphiDownloads\md5\src\Hashes;G:\DelphiDownloads\md5\src\Ciphers;G:\DelphiDownloads\md5\src;$(DCC_IncludePath)</DCC_IncludePath>
			<DCC_Define>RELEASE;$(DCC_Define)</DCC_Define>
		</PropertyGroup>
		<PropertyGroup Condition="'$(Cfg_2)'!=''">
			<Version>7.0</Version>
			<DCC_IOChecking>False</DCC_IOChecking>
			<DCC_WriteableConstants>True</DCC_WriteableConstants>
			<DCC_Optimize>False</DCC_Optimize>
			<DCC_StrictVarStrings>False</DCC_StrictVarStrings>
			<DCC_GenerateStackFrames>True</DCC_GenerateStackFrames>
			<DCC_MapFile>3</DCC_MapFile>
			<DCC_ResourcePath>G:\delphidownloads\vclzip;G:\delphidownloads\ibobjects\src4;G:\delphidownloads\tms\src;G:\delphidownloads\xmlrpc\src;G:\delphidownloads\indy.9.0.18;G:\delphidownloads\png\src;G:\DelphiDownloads\TurboPower\Orpheus\packages;G:\DelphiDownloads\md5\src\Hashes;G:\DelphiDownloads\md5\src\Ciphers;G:\DelphiDownloads\md5\src;$(DCC_ResourcePath)</DCC_ResourcePath>
			<DCC_ObjPath>G:\delphidownloads\vclzip;G:\delphidownloads\ibobjects\src4;G:\delphidownloads\tms\src;G:\delphidownloads\xmlrpc\src;G:\delphidownloads\indy.9.0.18;G:\delphidownloads\png\src;G:\DelphiDownloads\TurboPower\Orpheus\packages;G:\DelphiDownloads\md5\src\Hashes;G:\DelphiDownloads\md5\src\Ciphers;G:\DelphiDownloads\md5\src;$(DCC_ObjPath)</DCC_ObjPath>
			<DCC_IncludePath>G:\delphidownloads\vclzip;G:\delphidownloads\ibobjects\src4;G:\delphidownloads\tms\src;G:\delphidownloads\xmlrpc\src;G:\delphidownloads\indy.9.0.18;G:\delphidownloads\png\src;G:\DelphiDownloads\TurboPower\Orpheus\packages;G:\DelphiDownloads\md5\src\Hashes;G:\DelphiDownloads\md5\src\Ciphers;G:\DelphiDownloads\md5\src;$(DCC_IncludePath)</DCC_IncludePath>
			<DCC_Define>DEBUG;$(DCC_Define)</DCC_Define>
		</PropertyGroup>
		<ProjectExtensions>
			<Borland.Personality>Delphi.Personality.12</Borland.Personality>
			<Borland.ProjectType>VCLApplication</Borland.ProjectType>
			<BorlandProject>
				<Delphi.Personality>
					<Parameters>
						<Parameters Name="RunParams">/install</Parameters>
						<Parameters Name="UseLauncher">False</Parameters>
						<Parameters Name="LoadAllSymbols">True</Parameters>
						<Parameters Name="LoadUnspecifiedSymbols">False</Parameters>
					</Parameters>
					<VersionInfo>
						<VersionInfo Name="IncludeVerInfo">False</VersionInfo>
						<VersionInfo Name="AutoIncBuild">False</VersionInfo>
						<VersionInfo Name="MajorVer">1</VersionInfo>
						<VersionInfo Name="MinorVer">0</VersionInfo>
						<VersionInfo Name="Release">0</VersionInfo>
						<VersionInfo Name="Build">0</VersionInfo>
						<VersionInfo Name="Debug">False</VersionInfo>
						<VersionInfo Name="PreRelease">False</VersionInfo>
						<VersionInfo Name="Special">False</VersionInfo>
						<VersionInfo Name="Private">False</VersionInfo>
						<VersionInfo Name="DLL">False</VersionInfo>
						<VersionInfo Name="Locale">1031</VersionInfo>
						<VersionInfo Name="CodePage">1252</VersionInfo>
					</VersionInfo>
					<VersionInfoKeys>
						<VersionInfoKeys Name="CompanyName"/>
						<VersionInfoKeys Name="FileDescription"/>
						<VersionInfoKeys Name="FileVersion">1.0.0.0</VersionInfoKeys>
						<VersionInfoKeys Name="InternalName"/>
						<VersionInfoKeys Name="LegalCopyright"/>
						<VersionInfoKeys Name="LegalTrademarks"/>
						<VersionInfoKeys Name="OriginalFilename"/>
						<VersionInfoKeys Name="ProductName"/>
						<VersionInfoKeys Name="ProductVersion">1.0.0.0</VersionInfoKeys>
						<VersionInfoKeys Name="Comments"/>
					</VersionInfoKeys>
					<Source>
						<Source Name="MainSource">WatchDog.dpr</Source>
					</Source>
				</Delphi.Personality>
			</BorlandProject>
			<ProjectFileVersion>12</ProjectFileVersion>
		</ProjectExtensions>
		<ItemGroup>
			<DelphiCompile Include="WatchDog.dpr">
				<MainSource>MainSource</MainSource>
			</DelphiCompile>
			<DCCReference Include="UnitWatchDog.pas">
				<Form>ServiceWatchDog</Form>
				<DesignClass>TService</DesignClass>
			</DCCReference>
			<DCCReference Include="..\Anfix32\anfix32.pas"/>
			<DCCReference Include="..\Anfix32\ServiceManager.pas"/>
			<DCCReference Include="..\Anfix32\SHFolders.pas"/>
			<DCCReference Include="..\Anfix32\CareTakerClient.pas"/>
			<DCCReference Include="..\Anfix32\html.pas"/>
			<DCCReference Include="..\Anfix32\gplists.pas"/>
			<DCCReference Include="..\Anfix32\SimplePassword.pas"/>
			<BuildConfiguration Include="Basis">
				<Key>Base</Key>
			</BuildConfiguration>
			<BuildConfiguration Include="Debug">
				<Key>Cfg_2</Key>
				<CfgParent>Base</CfgParent>
			</BuildConfiguration>
			<BuildConfiguration Include="Release">
				<Key>Cfg_1</Key>
				<CfgParent>Base</CfgParent>
			</BuildConfiguration>
		</ItemGroup>
		<ItemGroup/>
		<Import Project="$(BDS)\Bin\CodeGear.Delphi.Targets" Condition="Exists('$(BDS)\Bin\CodeGear.Delphi.Targets')"/>
	</Project>
