<Project xmlns="http://schemas.microsoft.com/developer/msbuild/2003">
  <PropertyGroup>
    <ProjectGuid>{98240a96-2f3c-4342-8d30-f3e0bf1410e7}</ProjectGuid>
    <MainSource>NonDa.dpr</MainSource>
    <Configuration Condition=" '$(Configuration)' == '' ">Debug</Configuration>
    <Platform Condition=" '$(Platform)' == '' ">AnyCPU</Platform>
    <DCC_DCCCompiler>DCC32</DCC_DCCCompiler>
    <DCC_DependencyCheckOutputName>I:\KundenUmgebung\sewa\SAP\singen\NonDa.exe</DCC_DependencyCheckOutputName>
  </PropertyGroup>
  <PropertyGroup Condition=" '$(Configuration)|$(Platform)' == 'Release|AnyCPU' ">
    <Version>7.0</Version>
    <DCC_DebugInformation>False</DCC_DebugInformation>
    <DCC_WriteableConstants>True</DCC_WriteableConstants>
    <DCC_LocalDebugSymbols>False</DCC_LocalDebugSymbols>
    <DCC_StrictVarStrings>False</DCC_StrictVarStrings>
    <DCC_SymbolReferenceInfo>0</DCC_SymbolReferenceInfo>
    <DCC_ExeOutput>I:\KundenUmgebung\sewa\SAP\singen</DCC_ExeOutput>
    <DCC_UnitSearchPath>O:\VCLzip;O:\DCPcrypt\Ciphers;O:\DCPcrypt\Hashes;O:\DCPcrypt</DCC_UnitSearchPath>
    <DCC_ResourcePath>O:\VCLzip;O:\DCPcrypt\Ciphers;O:\DCPcrypt\Hashes;O:\DCPcrypt</DCC_ResourcePath>
    <DCC_ObjPath>O:\VCLzip;O:\DCPcrypt\Ciphers;O:\DCPcrypt\Hashes;O:\DCPcrypt</DCC_ObjPath>
    <DCC_IncludePath>O:\VCLzip;O:\DCPcrypt\Ciphers;O:\DCPcrypt\Hashes;O:\DCPcrypt</DCC_IncludePath>
    <DCC_Define>RELEASE</DCC_Define>
  </PropertyGroup>
  <PropertyGroup Condition=" '$(Configuration)|$(Platform)' == 'Debug|AnyCPU' ">
    <Version>7.0</Version>
    <DCC_WriteableConstants>True</DCC_WriteableConstants>
    <DCC_StrictVarStrings>False</DCC_StrictVarStrings>
    <DCC_ExeOutput>I:\KundenUmgebung\sewa\SAP\singen</DCC_ExeOutput>
    <DCC_UnitSearchPath>O:\DCPcrypt\Ciphers;O:\DCPcrypt\Hashes;O:\DCPcrypt;O:\vclzip.3.10</DCC_UnitSearchPath>
    <DCC_ResourcePath>O:\DCPcrypt\Ciphers;O:\DCPcrypt\Hashes;O:\DCPcrypt;O:\vclzip.3.10</DCC_ResourcePath>
    <DCC_ObjPath>O:\DCPcrypt\Ciphers;O:\DCPcrypt\Hashes;O:\DCPcrypt;O:\vclzip.3.10</DCC_ObjPath>
    <DCC_IncludePath>O:\DCPcrypt\Ciphers;O:\DCPcrypt\Hashes;O:\DCPcrypt;O:\vclzip.3.10</DCC_IncludePath>
    <DCC_Define>DEBUG</DCC_Define>
    <DCC_DcuOutput>..\..\dcu</DCC_DcuOutput>
    <DCC_ObjOutput>..\..\dcu</DCC_ObjOutput>
    <DCC_HppOutput>..\..\dcu</DCC_HppOutput>
  </PropertyGroup>
  <ProjectExtensions>
    <Borland.Personality>Delphi.Personality</Borland.Personality>
    <Borland.ProjectType />
    <BorlandProject>
<BorlandProject><Delphi.Personality><Parameters><Parameters Name="UseLauncher">False</Parameters><Parameters Name="LoadAllSymbols">True</Parameters><Parameters Name="LoadUnspecifiedSymbols">False</Parameters></Parameters><VersionInfo><VersionInfo Name="IncludeVerInfo">False</VersionInfo><VersionInfo Name="AutoIncBuild">False</VersionInfo><VersionInfo Name="MajorVer">1</VersionInfo><VersionInfo Name="MinorVer">0</VersionInfo><VersionInfo Name="Release">0</VersionInfo><VersionInfo Name="Build">0</VersionInfo><VersionInfo Name="Debug">False</VersionInfo><VersionInfo Name="PreRelease">False</VersionInfo><VersionInfo Name="Special">False</VersionInfo><VersionInfo Name="Private">False</VersionInfo><VersionInfo Name="DLL">False</VersionInfo><VersionInfo Name="Locale">1031</VersionInfo><VersionInfo Name="CodePage">1252</VersionInfo></VersionInfo><VersionInfoKeys><VersionInfoKeys Name="CompanyName"></VersionInfoKeys><VersionInfoKeys Name="FileDescription"></VersionInfoKeys><VersionInfoKeys Name="FileVersion">1.0.0.0</VersionInfoKeys><VersionInfoKeys Name="InternalName"></VersionInfoKeys><VersionInfoKeys Name="LegalCopyright"></VersionInfoKeys><VersionInfoKeys Name="LegalTrademarks"></VersionInfoKeys><VersionInfoKeys Name="OriginalFilename"></VersionInfoKeys><VersionInfoKeys Name="ProductName"></VersionInfoKeys><VersionInfoKeys Name="ProductVersion">1.0.0.0</VersionInfoKeys><VersionInfoKeys Name="Comments"></VersionInfoKeys></VersionInfoKeys><Source><Source Name="MainSource">NonDa.dpr</Source></Source></Delphi.Personality></BorlandProject></BorlandProject>
  </ProjectExtensions>
  <Import Project="$(MSBuildBinPath)\Borland.Delphi.Targets" />
  <ItemGroup>
    <DelphiCompile Include="NonDa.dpr">
      <MainSource>MainSource</MainSource>
    </DelphiCompile>
    <DCCReference Include="..\Anfix32\anfix32.pas" />
    <DCCReference Include="..\Anfix32\CareTakerClient.pas" />
    <DCCReference Include="..\Anfix32\gnugettext.pas" />
    <DCCReference Include="..\Anfix32\gplists.pas" />
    <DCCReference Include="..\Anfix32\html.pas" />
    <DCCReference Include="..\Anfix32\SHFolders.pas" />
    <DCCReference Include="..\Anfix32\SimplePassword.pas" />
    <DCCReference Include="..\Anfix32\SolidFTP.pas" />
    <DCCReference Include="..\Anfix32\WordIndex.pas" />
    <DCCReference Include="Datensammler.pas">
      <Form>Form1</Form>
    </DCCReference>
    <DCCReference Include="globals.pas" />
    <None Include="..\rev\NonDa.rev.txt" />
  </ItemGroup>
</Project>