<Project xmlns="http://schemas.microsoft.com/developer/msbuild/2003">
    <PropertyGroup>
        <ProjectGuid>{1E8C34D7-6E0A-4AA8-953A-C298E050851E}</ProjectGuid>
        <ProjectVersion>18.1</ProjectVersion>
        <FrameworkType>VCL</FrameworkType>
        <MainSource>cOrgaMon.dpr</MainSource>
        <Base>True</Base>
        <Config Condition="'$(Config)'==''">Debug</Config>
        <Platform Condition="'$(Platform)'==''">Win32</Platform>
        <TargetedPlatforms>1</TargetedPlatforms>
        <AppType>Console</AppType>
    </PropertyGroup>
    <PropertyGroup Condition="'$(Config)'=='Base' or '$(Base)'!=''">
        <Base>true</Base>
    </PropertyGroup>
    <PropertyGroup Condition="('$(Platform)'=='Win32' and '$(Base)'=='true') or '$(Base_Win32)'!=''">
        <Base_Win32>true</Base_Win32>
        <CfgParent>Base</CfgParent>
        <Base>true</Base>
    </PropertyGroup>
    <PropertyGroup Condition="'$(Config)'=='Debug' or '$(Cfg_1)'!=''">
        <Cfg_1>true</Cfg_1>
        <CfgParent>Base</CfgParent>
        <Base>true</Base>
    </PropertyGroup>
    <PropertyGroup Condition="('$(Platform)'=='Win32' and '$(Cfg_1)'=='true') or '$(Cfg_1_Win32)'!=''">
        <Cfg_1_Win32>true</Cfg_1_Win32>
        <CfgParent>Cfg_1</CfgParent>
        <Cfg_1>true</Cfg_1>
        <Base>true</Base>
    </PropertyGroup>
    <PropertyGroup Condition="'$(Config)'=='Release' or '$(Cfg_2)'!=''">
        <Cfg_2>true</Cfg_2>
        <CfgParent>Base</CfgParent>
        <Base>true</Base>
    </PropertyGroup>
    <PropertyGroup Condition="('$(Platform)'=='Win32' and '$(Cfg_2)'=='true') or '$(Cfg_2_Win32)'!=''">
        <Cfg_2_Win32>true</Cfg_2_Win32>
        <CfgParent>Cfg_2</CfgParent>
        <Cfg_2>true</Cfg_2>
        <Base>true</Base>
    </PropertyGroup>
    <PropertyGroup Condition="'$(Base)'!=''">
        <Icon_MainIcon>$(BDS)\bin\delphi_PROJECTICON.ico</Icon_MainIcon>
        <SanitizedProjectName>cOrgaMon</SanitizedProjectName>
        <Icns_MainIcns>$(BDS)\bin\delphi_PROJECTICNS.icns</Icns_MainIcns>
        <DCC_UsePackage>fmx;IndySystem;DBXInterBaseDriver;DbxCommonDriver;dbxcds;dsnap;IndyCore;fmxase;CloudService;inetdbxpress;bindcompfmx;rtl;dbrtl;DbxClientDriver;bindcomp;inetdb;xmlrtl;ibxpress;IndyProtocols;DBXMySQLDriver;bindengine;soaprtl;inet;fmxobj;fmxdae;dbexpress;$(DCC_UsePackage)</DCC_UsePackage>
        <DCC_UnitSearchPath>..\DCPcrypt;..\DCPcrypt\Ciphers;..\DCPcrypt\Hashes;$(DCC_UnitSearchPath)</DCC_UnitSearchPath>
        <DCC_Namespace>System;Xml;Data;Datasnap;Web;Soap;Vcl;Vcl.Imaging;Vcl.Touch;Vcl.Samples;Vcl.Shell;$(DCC_Namespace)</DCC_Namespace>
        <DCC_DcuOutput>..\..\dcu-console</DCC_DcuOutput>
        <DCC_ExeOutput>.\$(Platform)\$(Config)</DCC_ExeOutput>
        <DCC_E>false</DCC_E>
        <DCC_N>false</DCC_N>
        <DCC_S>false</DCC_S>
        <DCC_F>false</DCC_F>
        <DCC_K>false</DCC_K>
    </PropertyGroup>
    <PropertyGroup Condition="'$(Base_Win32)'!=''">
        <Manifest_File>None</Manifest_File>
        <DCC_ExeOutput>$(ProgramFiles)\OrgaMon\</DCC_ExeOutput>
        <DCC_UsePackage>JvGlobus;JvMM;JvManagedThreads;ibo5art_d2012;ibo5wsrt_d2012;JvDlgs;TeeDB;FlexCelXE2;JvCrypt;Rave100VCL;vclib;inetdbbde;JvNet;JvDotNetCtrls;vclimg;fmi;ibo5vrt_d2012;JvXPCtrls;vcldb;vcldsnap;ibo5trt_d2012;Intraweb_120_160;ibo5wxrt_d2012;JvCore;vclribbon;frxe16;vcl;CodeSiteExpressPkg;FmxTeeUI;JvAppFrm;JvDB;JvRuntimeDesign;webdsnap;ibo5crt_d2012;JclDeveloperTools;JvDocking;adortl;JvWizards;SynEdit_R2009;JvHMI;ibo5xrt_d2012;vcldbx;JvBands;frx16;ibo5frt_d2012;JvPluginSystem;Tee;ibo5admrt_d2012;JclContainers;JvCmp;JvSystem;svnui;CPortLibD2010;JvControls;JvTimeFramework;frxDB16;intrawebdb_120_160;fs16;FMXTee;TeeUI;vclactnband;JvJans;bindcompvcl;JvStdCtrls;JvCustom;Jcl;vclie;JvPageComps;JvPrintPreview;ibo5ftsrt_d2012;vcltouch;websnap;VclSmp;fsDB16;ibo5rplrt_d2012;ibo5wrt_d2012;dsnapcon;JclVcl;JvPascalInterpreter;vclx;svn;bdertl;JvBDE;$(DCC_UsePackage)</DCC_UsePackage>
        <DCC_Namespace>Winapi;System.Win;Data.Win;Datasnap.Win;Web.Win;Soap.Win;Xml.Win;Bde;$(DCC_Namespace)</DCC_Namespace>
        <VerInfo_Locale>1033</VerInfo_Locale>
        <VerInfo_Keys>CompanyName=;FileDescription=;FileVersion=1.0.0.0;InternalName=;LegalCopyright=;LegalTrademarks=;OriginalFilename=;ProductName=;ProductVersion=1.0.0.0;Comments=</VerInfo_Keys>
    </PropertyGroup>
    <PropertyGroup Condition="'$(Cfg_1)'!=''">
        <DCC_Define>DEBUG;$(DCC_Define)</DCC_Define>
        <DCC_Optimize>false</DCC_Optimize>
        <DCC_GenerateStackFrames>true</DCC_GenerateStackFrames>
        <DCC_DebugInfoInExe>true</DCC_DebugInfoInExe>
        <DCC_RemoteDebug>true</DCC_RemoteDebug>
    </PropertyGroup>
    <PropertyGroup Condition="'$(Cfg_1_Win32)'!=''">
        <Icon_MainIcon>cOrgaMon_Icon.ico</Icon_MainIcon>
        <VerInfo_MajorVer>8</VerInfo_MajorVer>
        <VerInfo_MinorVer>2</VerInfo_MinorVer>
        <VerInfo_Build>19</VerInfo_Build>
        <VerInfo_AutoIncVersion>true</VerInfo_AutoIncVersion>
        <VerInfo_IncludeVerInfo>true</VerInfo_IncludeVerInfo>
        <VerInfo_Keys>CompanyName=;FileDescription=;FileVersion=8.2.0.19;InternalName=;LegalCopyright=;LegalTrademarks=;OriginalFilename=;ProductName=;ProductVersion=8.0.0.0;Comments=</VerInfo_Keys>
        <DCC_StrictVarStrings>false</DCC_StrictVarStrings>
        <Debugger_RunParams>--test --exec=*.Index</Debugger_RunParams>
        <DCC_ExeOutput>$(ProgramFiles)\OrgaMon\</DCC_ExeOutput>
        <DCC_WriteableConstants>true</DCC_WriteableConstants>
        <DCC_DcuOutput>..\..\dcu-console</DCC_DcuOutput>
        <DCC_UnitAlias>pngimage=vcl.graphics.pngimage;JPEG=Vcl.Imaging.JPEG;$(DCC_UnitAlias)</DCC_UnitAlias>
        <VerInfo_Locale>1033</VerInfo_Locale>
        <DCC_RemoteDebug>false</DCC_RemoteDebug>
    </PropertyGroup>
    <PropertyGroup Condition="'$(Cfg_2)'!=''">
        <DCC_LocalDebugSymbols>false</DCC_LocalDebugSymbols>
        <DCC_Define>RELEASE;$(DCC_Define)</DCC_Define>
        <DCC_SymbolReferenceInfo>0</DCC_SymbolReferenceInfo>
        <DCC_DebugInformation>0</DCC_DebugInformation>
    </PropertyGroup>
    <PropertyGroup Condition="'$(Cfg_2_Win32)'!=''">
        <DCC_ExeOutput>$(ProgramFiles)\OrgaMon\</DCC_ExeOutput>
        <DCC_WriteableConstants>true</DCC_WriteableConstants>
        <DCC_UnitAlias>pngimage=vcl.graphics.pngimage;JPEG=Vcl.Imaging.JPEG;$(DCC_UnitAlias)</DCC_UnitAlias>
        <VerInfo_Locale>1033</VerInfo_Locale>
    </PropertyGroup>
    <ItemGroup>
        <DelphiCompile Include="$(MainSource)">
            <MainSource>MainSource</MainSource>
        </DelphiCompile>
        <DCCReference Include="..\PASconTools\anfix32.pas"/>
        <DCCReference Include="globals.pas"/>
        <DCCReference Include="..\PASconTools\WordIndex.pas"/>
        <DCCReference Include="..\PASconTools\gplists.pas"/>
        <DCCReference Include="..\PASconTools\html.pas"/>
        <DCCReference Include="..\PASconTools\CareTakerClient.pas"/>
        <DCCReference Include="..\PASconTools\SimplePassword.pas"/>
        <DCCReference Include="..\PASconTools\Geld.pas"/>
        <DCCReference Include="..\PASconTools\SolidFTP.pas"/>
        <DCCReference Include="..\PASconTools\sperre.pas"/>
        <DCCReference Include="..\PASconTools\txlib.pas"/>
        <DCCReference Include="..\PASconTools\binlager32.pas"/>
        <DCCReference Include="..\PASconTools\srvXMLRPC.pas"/>
        <DCCReference Include="..\PASconTools\dbOrgaMon.pas"/>
        <DCCReference Include="..\PASconTools\txHoliday.pas"/>
        <DCCReference Include="..\infozip\infozip.pas"/>
        <DCCReference Include="..\PASconTools\Mapping.pas"/>
        <DCCReference Include="..\PASconTools\GHD_pngimage.pas"/>
        <DCCReference Include="..\PASconTools\GHD_pnglang.pas"/>
        <DCCReference Include="..\ccr-exif\CCR.Exif.StreamHelper.pas"/>
        <DCCReference Include="..\ccr-exif\CCR.Exif.TagIDs.pas"/>
        <DCCReference Include="..\ccr-exif\CCR.Exif.XMPUtils.pas"/>
        <DCCReference Include="eConnect.pas"/>
        <DCCReference Include="..\PASconTools\OpenStreetMap.pas"/>
        <DCCReference Include="Funktionen_Auftrag.pas"/>
        <DCCReference Include="Funktionen_Basis.pas"/>
        <DCCReference Include="Funktionen_Beleg.pas"/>
        <DCCReference Include="Funktionen_LokaleDaten.pas"/>
        <DCCReference Include="..\PASconTools\OrientationConvert.pas"/>
        <DCCReference Include="..\libxml2\libxml2.pas"/>
        <DCCReference Include="..\PASconTools\ExcelHelper.pas"/>
        <DCCReference Include="..\PASconTools\basic32.pas"/>
        <DCCReference Include="..\PASconTools\DTA.PAS"/>
        <DCCReference Include="..\PASconTools\memcache.pas"/>
        <DCCReference Include="..\PASconTools\Foto.pas"/>
        <DCCReference Include="JonDaExec.pas"/>
        <DCCReference Include="FotoExec.pas"/>
        <DCCReference Include="..\ccr-exif\CCR.Exif.BaseUtils.pas"/>
        <DCCReference Include="..\ccr-exif\CCR.Exif.Consts.pas"/>
        <DCCReference Include="..\ccr-exif\CCR.Exif.pas"/>
        <DCCReference Include="..\ccr-exif\CCR.Exif.TiffUtils.pas"/>
        <DCCReference Include="..\ccr-exif\CCR.Exif.IPTC.pas"/>
        <DCCReference Include="Identitaet.pas"/>
        <DCCReference Include="TestExec.pas"/>
        <DCCReference Include="..\PASconTools\systemd.pas"/>
        <DCCReference Include="..\PASconTools\ContextBase.pas"/>
        <None Include="..\rev\OrgaMon.rev.txt"/>
        <None Include="..\ccr-exif\CCR.Exif.inc"/>
        <None Include="..\rev\Oc.rev.txt"/>
        <BuildConfiguration Include="Release">
            <Key>Cfg_2</Key>
            <CfgParent>Base</CfgParent>
        </BuildConfiguration>
        <BuildConfiguration Include="Base">
            <Key>Base</Key>
        </BuildConfiguration>
        <BuildConfiguration Include="Debug">
            <Key>Cfg_1</Key>
            <CfgParent>Base</CfgParent>
        </BuildConfiguration>
    </ItemGroup>
    <ProjectExtensions>
        <Borland.Personality>Delphi.Personality.12</Borland.Personality>
        <Borland.ProjectType>VCLApplication</Borland.ProjectType>
        <BorlandProject>
            <Delphi.Personality>
                <VersionInfo>
                    <VersionInfo Name="IncludeVerInfo">False</VersionInfo>
                    <VersionInfo Name="AutoIncBuild">False</VersionInfo>
                    <VersionInfo Name="MajorVer">1</VersionInfo>
                    <VersionInfo Name="MinorVer">0</VersionInfo>
                    <VersionInfo Name="Release">0</VersionInfo>
                    <VersionInfo Name="Build">0</VersionInfo>
                    <VersionInfo Name="Debug">False</VersionInfo>
                    <VersionInfo Name="PreRelease">False</VersionInfo>
                    <VersionInfo Name="Special">False</VersionInfo>
                    <VersionInfo Name="Private">False</VersionInfo>
                    <VersionInfo Name="DLL">False</VersionInfo>
                    <VersionInfo Name="Locale">1031</VersionInfo>
                    <VersionInfo Name="CodePage">1252</VersionInfo>
                </VersionInfo>
                <VersionInfoKeys>
                    <VersionInfoKeys Name="CompanyName"/>
                    <VersionInfoKeys Name="FileDescription"/>
                    <VersionInfoKeys Name="FileVersion">1.0.0.0</VersionInfoKeys>
                    <VersionInfoKeys Name="InternalName"/>
                    <VersionInfoKeys Name="LegalCopyright"/>
                    <VersionInfoKeys Name="LegalTrademarks"/>
                    <VersionInfoKeys Name="OriginalFilename"/>
                    <VersionInfoKeys Name="ProductName"/>
                    <VersionInfoKeys Name="ProductVersion">1.0.0.0</VersionInfoKeys>
                    <VersionInfoKeys Name="Comments"/>
                </VersionInfoKeys>
                <Source>
                    <Source Name="MainSource">cOrgaMon.dpr</Source>
                </Source>
                <Excluded_Packages>
                    <Excluded_Packages Name="C:\Users\Andreas\Documents\TMSSoftware\FlexCelVCLNT\Packages\dBerlin\bpl\Win32\FlexCel_Core240.bpl">FlexCel Core Library</Excluded_Packages>
                    <Excluded_Packages Name="C:\Users\Andreas\Documents\TMSSoftware\FlexCelVCLNT\Packages\dBerlin\bpl\Win32\VCL_FlexCel_Core240.bpl">FlexCel Core Library for VCL</Excluded_Packages>
                    <Excluded_Packages Name="C:\Users\Andreas\Documents\TMSSoftware\FlexCelVCLNT\Packages\dBerlin\bpl\Win32\FlexCel_XlsAdapter240.bpl">FlexCel Xls/x Engine</Excluded_Packages>
                    <Excluded_Packages Name="C:\Users\Andreas\Documents\TMSSoftware\FlexCelVCLNT\Packages\dBerlin\bpl\Win32\FlexCel_Pdf240.bpl">FlexCel PDF Engine</Excluded_Packages>
                    <Excluded_Packages Name="C:\Users\Andreas\Documents\TMSSoftware\FlexCelVCLNT\Packages\dBerlin\bpl\Win32\FlexCel_Render240.bpl">FlexCel Rendering Engine</Excluded_Packages>
                    <Excluded_Packages Name="C:\Users\Andreas\Documents\TMSSoftware\FlexCelVCLNT\Packages\dBerlin\bpl\Win32\FlexCel_Report240.bpl">FlexCel Reporting Engine</Excluded_Packages>
                    <Excluded_Packages Name="C:\Users\Andreas\Documents\TMSSoftware\FlexCelVCLNT\Packages\dBerlin\bpl\Win32\VCL_FlexCel_Components240.bpl">FlexCel Visual Components for VCL (Runtime)</Excluded_Packages>
                    <Excluded_Packages Name="C:\Users\Andreas\Documents\TMSSoftware\FlexCelVCLNT\Packages\dBerlin\bpl\Win32\VCL_FlexCel_Components_DESIGN240.bpl">FlexCel Visual Components for VCL (Design)</Excluded_Packages>
                    <Excluded_Packages Name="C:\Users\Andreas\Documents\TMSSoftware\FlexCelVCLNT\Packages\dBerlin\bpl\Win32\FMX_FlexCel_Core240.bpl">FlexCel Core Library for FireMonkey</Excluded_Packages>
                    <Excluded_Packages Name="C:\Users\Andreas\Documents\TMSSoftware\FlexCelVCLNT\Packages\dBerlin\bpl\Win32\FMX_FlexCel_Components240.bpl">FlexCel Visual Components for FireMonkey (Runtime)</Excluded_Packages>
                    <Excluded_Packages Name="C:\Users\Andreas\Documents\TMSSoftware\FlexCelVCLNT\Packages\dBerlin\bpl\Win32\FMX_FlexCel_Components_DESIGN240.bpl">FlexCel Visual Components for FireMonkey (Design)</Excluded_Packages>
                </Excluded_Packages>
            </Delphi.Personality>
            <Deployment/>
            <Platforms>
                <Platform value="Win32">True</Platform>
            </Platforms>
        </BorlandProject>
        <ProjectFileVersion>12</ProjectFileVersion>
    </ProjectExtensions>
    <Import Condition="Exists('$(BDS)\Bin\CodeGear.Delphi.Targets')" Project="$(BDS)\Bin\CodeGear.Delphi.Targets"/>
    <Import Condition="Exists('$(APPDATA)\Embarcadero\$(BDSAPPDATABASEDIR)\$(PRODUCTVERSION)\UserTools.proj')" Project="$(APPDATA)\Embarcadero\$(BDSAPPDATABASEDIR)\$(PRODUCTVERSION)\UserTools.proj"/>
</Project>
