<Project xmlns="http://schemas.microsoft.com/developer/msbuild/2003">
    <PropertyGroup>
        <ProjectGuid>{d6093f2d-392c-4537-b243-5e027f80a5b0}</ProjectGuid>
        <MainSource>OrgaMon.dpr</MainSource>
        <Configuration Condition=" '$(Configuration)' == '' ">Debug</Configuration>
        <DCC_DCCCompiler>DCC32</DCC_DCCCompiler>
        <DCC_DependencyCheckOutputName>OrgaMon.exe</DCC_DependencyCheckOutputName>
        <ProjectVersion>18.2</ProjectVersion>
        <Config Condition="'$(Config)'==''">Release</Config>
        <Basis>True</Basis>
        <AppType>Application</AppType>
        <FrameworkType>VCL</FrameworkType>
        <Base>True</Base>
        <Platform Condition="'$(Platform)'==''">Win32</Platform>
        <TargetedPlatforms>1</TargetedPlatforms>
    </PropertyGroup>
    <PropertyGroup Condition="'$(Config)'=='Base' or '$(Base)'!=''">
        <Base>true</Base>
    </PropertyGroup>
    <PropertyGroup Condition="('$(Platform)'=='Win32' and '$(Base)'=='true') or '$(Base_Win32)'!=''">
        <Base_Win32>true</Base_Win32>
        <CfgParent>Base</CfgParent>
        <Base>true</Base>
    </PropertyGroup>
    <PropertyGroup Condition="'$(Config)'=='Release' or '$(Cfg_1)'!=''">
        <Cfg_1>true</Cfg_1>
        <CfgParent>Base</CfgParent>
        <Base>true</Base>
    </PropertyGroup>
    <PropertyGroup Condition="('$(Platform)'=='Win32' and '$(Cfg_1)'=='true') or '$(Cfg_1_Win32)'!=''">
        <Cfg_1_Win32>true</Cfg_1_Win32>
        <CfgParent>Cfg_1</CfgParent>
        <Cfg_1>true</Cfg_1>
        <Base>true</Base>
    </PropertyGroup>
    <PropertyGroup Condition="'$(Config)'=='Debug' or '$(Cfg_2)'!=''">
        <Cfg_2>true</Cfg_2>
        <CfgParent>Base</CfgParent>
        <Base>true</Base>
    </PropertyGroup>
    <PropertyGroup Condition="('$(Platform)'=='Win32' and '$(Cfg_2)'=='true') or '$(Cfg_2_Win32)'!=''">
        <Cfg_2_Win32>true</Cfg_2_Win32>
        <CfgParent>Cfg_2</CfgParent>
        <Cfg_2>true</Cfg_2>
        <Base>true</Base>
    </PropertyGroup>
    <PropertyGroup Condition="'$(Base)'!=''">
        <SanitizedProjectName>OrgaMon</SanitizedProjectName>
        <VerInfo_IncludeVerInfo>true</VerInfo_IncludeVerInfo>
        <VerInfo_AutoGenVersion>true</VerInfo_AutoGenVersion>
        <VerInfo_MinorVer>2</VerInfo_MinorVer>
        <DCC_Namespace>Vcl;Vcl.Imaging;Vcl.Touch;Vcl.Samples;Vcl.Shell;System;Xml;Data;Datasnap;Web;Soap;Winapi;FMXTee;$(DCC_Namespace)</DCC_Namespace>
        <VerInfo_MajorVer>7</VerInfo_MajorVer>
        <VerInfo_Keys>CompanyName=Andreas Filsinger;FileDescription=OrgaMon Unternehmenssoftware;FileVersion=7.2.0.1350;InternalName=OrgaMon;LegalCopyright=GPLv3;LegalTrademarks=;OriginalFilename=OrgaMon.exe;ProductName=OrgaMon;ProductVersion=7.0</VerInfo_Keys>
        <VerInfo_Build>1350</VerInfo_Build>
        <VerInfo_Locale>1031</VerInfo_Locale>
        <DCC_UnitSearchPath>..\dcpcrypt\Hashes;..\dcpcrypt\Ciphers;..\dcpcrypt;..\Synedit-2.0.7\Source;$(DCC_UnitSearchPath)</DCC_UnitSearchPath>
        <DCC_UsePackage>vclx;vcl;vclimg;dbrtl;Rave77VCL;bdertl;rtl;vclactnband;vcldb;vcldbx;vcltouch;xmlrtl;dsnap;dsnapcon;TeeUI;TeeDB;Tee;vclib;ibxpress;adortl;IndyCore;IndySystem;IndyProtocols;inet;intrawebdb_100_140;Intraweb_100_140;VclSmp;vclie;inetdb;webdsnap;websnap;inetdbbde;inetdbxpress;soaprtl;vclribbon;DbxCommonDriver;DbxClientDriver;DBXInterBaseDriver;DBXMySQLDriver;dbexpress;dbxcds;Jcl;IBO40CRT_D2010;IBO40ART_D2010;IBO40TRT_D2010;IBO40VRT_D2010;IBO40FRT_D2010;IBO40XRT_D2010;IBO40WRT_D2010;IBO40WXDT_D2010;IBO40WXRT_D2010;IBO40WSRT_D2010;IBO40RPL_D2010;IBO40FTS_D2010;JclVcl;JvCoreD14R;JvSystemD14R;JvStdCtrlsD14R;JvAppFrmD14R;JvBandsD14R;JvDBD14R;JvDlgsD14R;JvBDED14R;JvCmpD14R;JvCryptD14R;JvCtrlsD14R;JvCustomD14R;JvDockingD14R;JvDotNetCtrlsD14R;JvEDID14R;JvGlobusD14R;JvHMID14R;JvInterpreterD14R;JvJansD14R;JvManagedThreadsD14R;JvMMD14R;JvNetD14R;JvPageCompsD14R;JvPluginD14R;JvPrintPreviewD14R;JvRuntimeDesignD14R;JvTimeFrameworkD14R;JvValidatorsD14R;JvWizardD14R;JvXPCtrlsD14R;$(DCC_UsePackage)</DCC_UsePackage>
        <DCC_DependencyCheckOutputName>OrgaMon.exe</DCC_DependencyCheckOutputName>
    </PropertyGroup>
    <PropertyGroup Condition="'$(Base_Win32)'!=''">
        <UWP_DelphiLogo44>$(BDS)\bin\Artwork\Windows\UWP\delphi_UwpDefault_44.png</UWP_DelphiLogo44>
        <UWP_DelphiLogo150>$(BDS)\bin\Artwork\Windows\UWP\delphi_UwpDefault_150.png</UWP_DelphiLogo150>
        <VerInfo_MinorVer>0</VerInfo_MinorVer>
        <VerInfo_Build>0</VerInfo_Build>
        <BRCC_IncludePath>..\ccr-exif;..\XMLRPC;..\libxml2;..\CCR Exif;..\UIB;..\fpSpreadSheet;..\ccr-exif;..\XMLRPC;..\libxml2;..\CCR Exif;..\UIB;..\fpSpreadSheet;$(BRCC_IncludePath)</BRCC_IncludePath>
        <DCC_UnitSearchPath>..\ccr-exif;..\XMLRPC;..\libxml2;..\CCR Exif;..\UIB;..\fpSpreadSheet;$(DCC_UnitSearchPath)</DCC_UnitSearchPath>
        <VerInfo_MajorVer>1</VerInfo_MajorVer>
        <AppEnableRuntimeThemes>true</AppEnableRuntimeThemes>
        <Icon_MainIcon>Rohstoffe\7\logo\OrgaMon.ico</Icon_MainIcon>
        <DCC_Namespace>System.Win;Data.Win;Datasnap.Win;Web.Win;Soap.Win;Xml.Win;Bde;$(DCC_Namespace)</DCC_Namespace>
        <VerInfo_Locale>1033</VerInfo_Locale>
        <Manifest_File>$(BDS)\bin\default_app.manifest</Manifest_File>
        <VerInfo_Keys>CompanyName=;FileVersion=1.0.0.0;InternalName=;LegalCopyright=;LegalTrademarks=;OriginalFilename=;ProductVersion=1.0.0.0;Comments=;ProgramID=com.embarcadero.$(ModuleName);FileDescription=$(ModuleName);ProductName=$(ModuleName)</VerInfo_Keys>
    </PropertyGroup>
    <PropertyGroup Condition="'$(Cfg_1)'!=''">
        <DCC_WriteableConstants>true</DCC_WriteableConstants>
        <Version>7.0</Version>
        <DCC_DebugInformation>0</DCC_DebugInformation>
        <DCC_IOChecking>False</DCC_IOChecking>
        <DCC_LocalDebugSymbols>False</DCC_LocalDebugSymbols>
        <DCC_StrictVarStrings>False</DCC_StrictVarStrings>
        <DCC_GenerateStackFrames>True</DCC_GenerateStackFrames>
        <DCC_SymbolReferenceInfo>0</DCC_SymbolReferenceInfo>
        <DCC_OutputDRCFile>True</DCC_OutputDRCFile>
        <DCC_StackSize>1048576,5242880</DCC_StackSize>
        <DCC_DcuOutput>.\dcu</DCC_DcuOutput>
        <DCC_ObjOutput>.\dcu</DCC_ObjOutput>
        <DCC_HppOutput>.\dcu</DCC_HppOutput>
        <DCC_UnitSearchPath>O:\DCPcrypt;O:\DCPcrypt\Ciphers;O:\DCPcrypt\hashes;O:\IBObjects;O:\VCLzip;O:\php4delphi;O:\tms;O:\FlexCel\FlexCel;O:\FlexCel\XLSAdapter;O:\SynEdit\Source;O:\SysHot;O:\XMLRPC;$(DCC_UnitSearchPath)</DCC_UnitSearchPath>
        <DCC_ResourcePath>O:\DCPcrypt;O:\DCPcrypt\Ciphers;O:\DCPcrypt\hashes;O:\IBObjects;O:\VCLzip;O:\php4delphi;O:\tms;O:\FlexCel\FlexCel;O:\FlexCel\XLSAdapter;O:\SynEdit\Source;O:\SysHot;O:\XMLRPC;$(DCC_ResourcePath)</DCC_ResourcePath>
        <DCC_ObjPath>O:\DCPcrypt;O:\DCPcrypt\Ciphers;O:\DCPcrypt\hashes;O:\IBObjects;O:\VCLzip;O:\php4delphi;O:\tms;O:\FlexCel\FlexCel;O:\FlexCel\XLSAdapter;O:\SynEdit\Source;O:\SysHot;O:\XMLRPC;$(DCC_ObjPath)</DCC_ObjPath>
        <DCC_IncludePath>O:\DCPcrypt;O:\DCPcrypt\Ciphers;O:\DCPcrypt\hashes;O:\IBObjects;O:\VCLzip;O:\php4delphi;O:\tms;O:\FlexCel\FlexCel;O:\FlexCel\XLSAdapter;O:\SynEdit\Source;O:\SysHot;O:\XMLRPC;$(DCC_IncludePath)</DCC_IncludePath>
        <DCC_Define>HeBuAdmin;RELEASE;$(DCC_Define)</DCC_Define>
    </PropertyGroup>
    <PropertyGroup Condition="'$(Cfg_1_Win32)'!=''">
        <BT_BuildType>Debug</BT_BuildType>
        <DCC_MaxStackSize>2097152</DCC_MaxStackSize>
        <DCC_MinStackSize>65536</DCC_MinStackSize>
        <AppEnableHighDPI>true</AppEnableHighDPI>
        <DCC_ExeOutput>$(ProgramFiles)\OrgaMon\</DCC_ExeOutput>
        <DCC_DcuOutput>..\..\dcu-release</DCC_DcuOutput>
        <Debugger_RunParams>nosplash -ds --d -es -b</Debugger_RunParams>
        <VerInfo_MinorVer>0</VerInfo_MinorVer>
        <VerInfo_MajorVer>1</VerInfo_MajorVer>
        <VerInfo_Build>0</VerInfo_Build>
        <VerInfo_Keys>CompanyName=;FileVersion=1.0.0.0;InternalName=;LegalCopyright=;LegalTrademarks=;OriginalFilename=;ProductVersion=1.0.0.0;Comments=;ProgramID=com.embarcadero.$(ModuleName);FileDescription=$(ModuleName);ProductName=$(ModuleName)</VerInfo_Keys>
        <AppEnableRuntimeThemes>true</AppEnableRuntimeThemes>
        <VerInfo_Locale>1033</VerInfo_Locale>
    </PropertyGroup>
    <PropertyGroup Condition="'$(Cfg_2)'!=''">
        <DCC_ExeOutput>$(ProgramFiles)\OrgaMon\</DCC_ExeOutput>
        <DCC_WriteableConstants>true</DCC_WriteableConstants>
        <Version>7.0</Version>
        <DCC_IOChecking>False</DCC_IOChecking>
        <DCC_StrictVarStrings>False</DCC_StrictVarStrings>
        <DCC_GenerateStackFrames>True</DCC_GenerateStackFrames>
        <DCC_OutputDRCFile>True</DCC_OutputDRCFile>
        <DCC_StackSize>1048576,5242880</DCC_StackSize>
        <DCC_DcuOutput>..\..\dcu</DCC_DcuOutput>
        <DCC_ObjOutput>..\..\dcu</DCC_ObjOutput>
        <DCC_HppOutput>..\..\dcu</DCC_HppOutput>
        <DCC_UnitSearchPath>..\XMLRPC;..\libxml2;..\CCR Exif;..\UIB;..\fpSpreadSheet;$(DCC_UnitSearchPath)</DCC_UnitSearchPath>
        <DCC_ResourcePath>..\DCPcrypt;..\DCPcrypt\Ciphers;..\DCPcrypt\hashes;..\XMLRPC;..\ZipMaster;..\libxml2;$(DCC_ResourcePath)</DCC_ResourcePath>
        <DCC_ObjPath>..\DCPcrypt;..\DCPcrypt\Ciphers;..\DCPcrypt\hashes;..\XMLRPC;..\ZipMaster;..\libxml2;$(DCC_ObjPath)</DCC_ObjPath>
        <DCC_IncludePath>..\DCPcrypt;..\DCPcrypt\Ciphers;..\DCPcrypt\hashes;..\XMLRPC;..\ZipMaster;..\libxml2;$(DCC_IncludePath)</DCC_IncludePath>
        <DCC_Define>HeBuAdmin;DEBUG;$(DCC_Define)</DCC_Define>
    </PropertyGroup>
    <PropertyGroup Condition="'$(Cfg_2_Win32)'!=''">
        <BT_BuildType>Debug</BT_BuildType>
        <DCC_DebugInfoInExe>true</DCC_DebugInfoInExe>
        <DCC_MinStackSize>65536</DCC_MinStackSize>
        <DCC_MaxStackSize>2097152</DCC_MaxStackSize>
        <AppEnableHighDPI>true</AppEnableHighDPI>
        <VerInfo_Build>1462</VerInfo_Build>
        <VerInfo_AutoIncVersion>true</VerInfo_AutoIncVersion>
        <VerInfo_AutoGenVersion>false</VerInfo_AutoGenVersion>
        <VerInfo_Locale>1033</VerInfo_Locale>
        <VerInfo_MajorVer>8</VerInfo_MajorVer>
        <AppEnableRuntimeThemes>true</AppEnableRuntimeThemes>
        <Icon_MainIcon>OrgaMon_Icon.ico</Icon_MainIcon>
        <VerInfo_Keys>CompanyName=OrgaMon.org;FileDescription=Software für Unternehmen;FileVersion=8.2.0.1462;InternalName=OrgaMon;LegalCopyright=GNU GPL 3;LegalTrademarks=;OriginalFilename=OrgaMon.exe;ProductName=OrgaMon;ProductVersion=8.2.0;Comments=Software für Unternehmen;ProgramID=com.embarcadero.$(ModuleName)</VerInfo_Keys>
    </PropertyGroup>
    <ProjectExtensions>
        <Borland.Personality>Delphi.Personality.12</Borland.Personality>
        <Borland.ProjectType/>
        <BorlandProject>
            <Delphi.Personality>
                <Parameters/>
                <Language>
                    <Language Name="ProjectLang">$00000407</Language>
                </Language>
                <VersionInfo>
                    <VersionInfo Name="IncludeVerInfo">True</VersionInfo>
                    <VersionInfo Name="AutoIncBuild">True</VersionInfo>
                    <VersionInfo Name="MajorVer">7</VersionInfo>
                    <VersionInfo Name="MinorVer">2</VersionInfo>
                    <VersionInfo Name="Release">0</VersionInfo>
                    <VersionInfo Name="Build">1355</VersionInfo>
                    <VersionInfo Name="Debug">False</VersionInfo>
                    <VersionInfo Name="PreRelease">False</VersionInfo>
                    <VersionInfo Name="Special">False</VersionInfo>
                    <VersionInfo Name="Private">False</VersionInfo>
                    <VersionInfo Name="DLL">False</VersionInfo>
                    <VersionInfo Name="Locale">1031</VersionInfo>
                    <VersionInfo Name="CodePage">1252</VersionInfo>
                </VersionInfo>
                <VersionInfoKeys>
                    <VersionInfoKeys Name="CompanyName">Andreas Filsinger</VersionInfoKeys>
                    <VersionInfoKeys Name="FileDescription">OrgaMon Unternehmenssoftware</VersionInfoKeys>
                    <VersionInfoKeys Name="FileVersion">7.2.0.1355</VersionInfoKeys>
                    <VersionInfoKeys Name="InternalName">OrgaMon</VersionInfoKeys>
                    <VersionInfoKeys Name="LegalCopyright">GPLv3</VersionInfoKeys>
                    <VersionInfoKeys Name="LegalTrademarks"/>
                    <VersionInfoKeys Name="OriginalFilename">OrgaMon.exe</VersionInfoKeys>
                    <VersionInfoKeys Name="ProductName">OrgaMon</VersionInfoKeys>
                    <VersionInfoKeys Name="ProductVersion">7</VersionInfoKeys>
                </VersionInfoKeys>
                <Excluded_Packages>
                    <Excluded_Packages Name="C:\Users\Andreas\Documents\TMSSoftware\FlexCelVCLNT\Packages\dBerlin\bpl\Win32\FlexCel_Core240.bpl">FlexCel Core Library</Excluded_Packages>
                    <Excluded_Packages Name="C:\Users\Andreas\Documents\TMSSoftware\FlexCelVCLNT\Packages\dBerlin\bpl\Win32\VCL_FlexCel_Core240.bpl">FlexCel Core Library for VCL</Excluded_Packages>
                    <Excluded_Packages Name="C:\Users\Andreas\Documents\TMSSoftware\FlexCelVCLNT\Packages\dBerlin\bpl\Win32\FlexCel_XlsAdapter240.bpl">FlexCel Xls/x Engine</Excluded_Packages>
                    <Excluded_Packages Name="C:\Users\Andreas\Documents\TMSSoftware\FlexCelVCLNT\Packages\dBerlin\bpl\Win32\FlexCel_Pdf240.bpl">FlexCel PDF Engine</Excluded_Packages>
                    <Excluded_Packages Name="C:\Users\Andreas\Documents\TMSSoftware\FlexCelVCLNT\Packages\dBerlin\bpl\Win32\FlexCel_Render240.bpl">FlexCel Rendering Engine</Excluded_Packages>
                    <Excluded_Packages Name="C:\Users\Andreas\Documents\TMSSoftware\FlexCelVCLNT\Packages\dBerlin\bpl\Win32\FlexCel_Report240.bpl">FlexCel Reporting Engine</Excluded_Packages>
                    <Excluded_Packages Name="C:\Users\Andreas\Documents\TMSSoftware\FlexCelVCLNT\Packages\dBerlin\bpl\Win32\VCL_FlexCel_Components240.bpl">FlexCel Visual Components for VCL (Runtime)</Excluded_Packages>
                    <Excluded_Packages Name="C:\Users\Andreas\Documents\TMSSoftware\FlexCelVCLNT\Packages\dBerlin\bpl\Win32\VCL_FlexCel_Components_DESIGN240.bpl">FlexCel Visual Components for VCL (Design)</Excluded_Packages>
                    <Excluded_Packages Name="C:\Users\Andreas\Documents\TMSSoftware\FlexCelVCLNT\Packages\dBerlin\bpl\Win32\FMX_FlexCel_Core240.bpl">FlexCel Core Library for FireMonkey</Excluded_Packages>
                    <Excluded_Packages Name="C:\Users\Andreas\Documents\TMSSoftware\FlexCelVCLNT\Packages\dBerlin\bpl\Win32\FMX_FlexCel_Components240.bpl">FlexCel Visual Components for FireMonkey (Runtime)</Excluded_Packages>
                    <Excluded_Packages Name="C:\Users\Andreas\Documents\TMSSoftware\FlexCelVCLNT\Packages\dBerlin\bpl\Win32\FMX_FlexCel_Components_DESIGN240.bpl">FlexCel Visual Components for FireMonkey (Design)</Excluded_Packages>
                </Excluded_Packages>
                <Source>
                    <Source Name="MainSource">OrgaMon.dpr</Source>
                </Source>
            </Delphi.Personality>
            <ModelSupport>False</ModelSupport>
            <Platforms>
                <Platform value="Win32">True</Platform>
            </Platforms>
            <Deployment Version="3">
                <DeployFile LocalName="..\rev\OrgaMon.rev.txt" Configuration="Release" Class="ProjectFile">
                    <Platform Name="Win32">
                        <RemoteDir>.\</RemoteDir>
                        <Overwrite>true</Overwrite>
                    </Platform>
                </DeployFile>
                <DeployFile LocalName="..\rev\WordIndex.rev.txt" Configuration="Release" Class="ProjectFile">
                    <Platform Name="Win32">
                        <RemoteDir>.\</RemoteDir>
                        <Overwrite>true</Overwrite>
                    </Platform>
                </DeployFile>
                <DeployFile LocalName="..\rev\Hausverwaltung.rev.txt" Configuration="Release" Class="ProjectFile">
                    <Platform Name="Win32">
                        <RemoteDir>.\</RemoteDir>
                        <Overwrite>true</Overwrite>
                    </Platform>
                </DeployFile>
                <DeployFile LocalName="..\rev\Oc.rev.txt" Configuration="Release" Class="ProjectFile">
                    <Platform Name="Win32">
                        <RemoteDir>.\</RemoteDir>
                        <Overwrite>true</Overwrite>
                    </Platform>
                </DeployFile>
                <DeployFile LocalName="C:\Program Files (x86)\OrgaMon\OrgaMon.exe" Configuration="Release" Class="ProjectOutput">
                    <Platform Name="Win32">
                        <RemoteName>OrgaMon.exe</RemoteName>
                        <Overwrite>true</Overwrite>
                    </Platform>
                </DeployFile>
                <DeployFile LocalName="..\rev\anfix.rev.txt" Configuration="Release" Class="ProjectFile">
                    <Platform Name="Win32">
                        <RemoteDir>.\</RemoteDir>
                        <Overwrite>true</Overwrite>
                    </Platform>
                </DeployFile>
                <DeployFile LocalName="..\PASconTools\DTA.PAS" Configuration="Release" Class="ProjectFile">
                    <Platform Name="Win32">
                        <RemoteDir>.\</RemoteDir>
                        <Overwrite>true</Overwrite>
                    </Platform>
                </DeployFile>
                <DeployClass Name="ProjectiOSDeviceResourceRules">
                    <Platform Name="iOSDevice64">
                        <Operation>1</Operation>
                    </Platform>
                    <Platform Name="iOSDevice32">
                        <Operation>1</Operation>
                    </Platform>
                </DeployClass>
                <DeployClass Name="ProjectOSXResource">
                    <Platform Name="OSX32">
                        <RemoteDir>Contents\Resources</RemoteDir>
                        <Operation>1</Operation>
                    </Platform>
                </DeployClass>
                <DeployClass Name="AndroidClassesDexFile">
                    <Platform Name="Android">
                        <RemoteDir>classes</RemoteDir>
                        <Operation>1</Operation>
                    </Platform>
                </DeployClass>
                <DeployClass Name="AdditionalDebugSymbols">
                    <Platform Name="Win32">
                        <RemoteDir>Contents\MacOS</RemoteDir>
                        <Operation>0</Operation>
                    </Platform>
                    <Platform Name="iOSSimulator">
                        <Operation>1</Operation>
                    </Platform>
                    <Platform Name="OSX32">
                        <RemoteDir>Contents\MacOS</RemoteDir>
                        <Operation>1</Operation>
                    </Platform>
                </DeployClass>
                <DeployClass Name="iPad_Launch768">
                    <Platform Name="iOSSimulator">
                        <Operation>1</Operation>
                    </Platform>
                    <Platform Name="iOSDevice64">
                        <Operation>1</Operation>
                    </Platform>
                    <Platform Name="iOSDevice32">
                        <Operation>1</Operation>
                    </Platform>
                </DeployClass>
                <DeployClass Name="Android_LauncherIcon144">
                    <Platform Name="Android">
                        <RemoteDir>res\drawable-xxhdpi</RemoteDir>
                        <Operation>1</Operation>
                    </Platform>
                </DeployClass>
                <DeployClass Name="AndroidLibnativeMipsFile">
                    <Platform Name="Android">
                        <RemoteDir>library\lib\mips</RemoteDir>
                        <Operation>1</Operation>
                    </Platform>
                </DeployClass>
                <DeployClass Required="true" Name="ProjectOutput">
                    <Platform Name="iOSDevice64">
                        <Operation>1</Operation>
                    </Platform>
                    <Platform Name="iOSDevice32">
                        <Operation>1</Operation>
                    </Platform>
                    <Platform Name="Win32">
                        <Operation>0</Operation>
                    </Platform>
                    <Platform Name="Linux64">
                        <Operation>1</Operation>
                    </Platform>
                    <Platform Name="OSX32">
                        <RemoteDir>Contents\MacOS</RemoteDir>
                        <Operation>1</Operation>
                    </Platform>
                    <Platform Name="Android">
                        <RemoteDir>library\lib\armeabi-v7a</RemoteDir>
                        <Operation>1</Operation>
                    </Platform>
                    <Platform Name="iOSSimulator">
                        <Operation>1</Operation>
                    </Platform>
                </DeployClass>
                <DeployClass Name="DependencyFramework">
                    <Platform Name="Win32">
                        <Operation>0</Operation>
                    </Platform>
                    <Platform Name="OSX32">
                        <RemoteDir>Contents\MacOS</RemoteDir>
                        <Operation>1</Operation>
                        <Extensions>.framework</Extensions>
                    </Platform>
                </DeployClass>
                <DeployClass Name="ProjectUWPManifest">
                    <Platform Name="Win32">
                        <Operation>1</Operation>
                    </Platform>
                    <Platform Name="Win64">
                        <Operation>1</Operation>
                    </Platform>
                </DeployClass>
                <DeployClass Name="iPhone_Launch640">
                    <Platform Name="iOSSimulator">
                        <Operation>1</Operation>
                    </Platform>
                    <Platform Name="iOSDevice64">
                        <Operation>1</Operation>
                    </Platform>
                    <Platform Name="iOSDevice32">
                        <Operation>1</Operation>
                    </Platform>
                </DeployClass>
                <DeployClass Name="iPad_Launch1024">
                    <Platform Name="iOSSimulator">
                        <Operation>1</Operation>
                    </Platform>
                    <Platform Name="iOSDevice64">
                        <Operation>1</Operation>
                    </Platform>
                    <Platform Name="iOSDevice32">
                        <Operation>1</Operation>
                    </Platform>
                </DeployClass>
                <DeployClass Name="ProjectiOSDeviceDebug">
                    <Platform Name="iOSDevice64">
                        <RemoteDir>..\$(PROJECTNAME).app.dSYM\Contents\Resources\DWARF</RemoteDir>
                        <Operation>1</Operation>
                    </Platform>
                    <Platform Name="iOSDevice32">
                        <RemoteDir>..\$(PROJECTNAME).app.dSYM\Contents\Resources\DWARF</RemoteDir>
                        <Operation>1</Operation>
                    </Platform>
                </DeployClass>
                <DeployClass Name="iPhone_Launch320">
                    <Platform Name="iOSSimulator">
                        <Operation>1</Operation>
                    </Platform>
                    <Platform Name="iOSDevice64">
                        <Operation>1</Operation>
                    </Platform>
                    <Platform Name="iOSDevice32">
                        <Operation>1</Operation>
                    </Platform>
                </DeployClass>
                <DeployClass Name="ProjectiOSInfoPList">
                    <Platform Name="iOSSimulator">
                        <Operation>1</Operation>
                    </Platform>
                    <Platform Name="iOSDevice64">
                        <Operation>1</Operation>
                    </Platform>
                    <Platform Name="iOSDevice32">
                        <Operation>1</Operation>
                    </Platform>
                </DeployClass>
                <DeployClass Name="AndroidLibnativeArmeabiFile">
                    <Platform Name="Android">
                        <RemoteDir>library\lib\armeabi</RemoteDir>
                        <Operation>1</Operation>
                    </Platform>
                </DeployClass>
                <DeployClass Name="DebugSymbols">
                    <Platform Name="Win32">
                        <Operation>0</Operation>
                    </Platform>
                    <Platform Name="iOSSimulator">
                        <Operation>1</Operation>
                    </Platform>
                    <Platform Name="OSX32">
                        <RemoteDir>Contents\MacOS</RemoteDir>
                        <Operation>1</Operation>
                    </Platform>
                </DeployClass>
                <DeployClass Name="iPad_Launch1536">
                    <Platform Name="iOSSimulator">
                        <Operation>1</Operation>
                    </Platform>
                    <Platform Name="iOSDevice64">
                        <Operation>1</Operation>
                    </Platform>
                    <Platform Name="iOSDevice32">
                        <Operation>1</Operation>
                    </Platform>
                </DeployClass>
                <DeployClass Name="Android_SplashImage470">
                    <Platform Name="Android">
                        <RemoteDir>res\drawable-normal</RemoteDir>
                        <Operation>1</Operation>
                    </Platform>
                </DeployClass>
                <DeployClass Name="Android_LauncherIcon96">
                    <Platform Name="Android">
                        <RemoteDir>res\drawable-xhdpi</RemoteDir>
                        <Operation>1</Operation>
                    </Platform>
                </DeployClass>
                <DeployClass Name="Android_SplashImage640">
                    <Platform Name="Android">
                        <RemoteDir>res\drawable-large</RemoteDir>
                        <Operation>1</Operation>
                    </Platform>
                </DeployClass>
                <DeployClass Name="iPhone_Launch640x1136">
                    <Platform Name="iOSSimulator">
                        <Operation>1</Operation>
                    </Platform>
                    <Platform Name="iOSDevice64">
                        <Operation>1</Operation>
                    </Platform>
                    <Platform Name="iOSDevice32">
                        <Operation>1</Operation>
                    </Platform>
                </DeployClass>
                <DeployClass Name="UWP_DelphiLogo44">
                    <Platform Name="Win32">
                        <RemoteDir>Assets</RemoteDir>
                        <Operation>1</Operation>
                    </Platform>
                    <Platform Name="Win64">
                        <RemoteDir>Assets</RemoteDir>
                        <Operation>1</Operation>
                    </Platform>
                </DeployClass>
                <DeployClass Name="ProjectiOSEntitlements">
                    <Platform Name="iOSDevice64">
                        <RemoteDir>..\</RemoteDir>
                        <Operation>1</Operation>
                    </Platform>
                    <Platform Name="iOSDevice32">
                        <RemoteDir>..\</RemoteDir>
                        <Operation>1</Operation>
                    </Platform>
                </DeployClass>
                <DeployClass Name="Android_LauncherIcon72">
                    <Platform Name="Android">
                        <RemoteDir>res\drawable-hdpi</RemoteDir>
                        <Operation>1</Operation>
                    </Platform>
                </DeployClass>
                <DeployClass Name="AndroidGDBServer">
                    <Platform Name="Android">
                        <RemoteDir>library\lib\armeabi-v7a</RemoteDir>
                        <Operation>1</Operation>
                    </Platform>
                </DeployClass>
                <DeployClass Name="ProjectOSXInfoPList">
                    <Platform Name="OSX32">
                        <RemoteDir>Contents</RemoteDir>
                        <Operation>1</Operation>
                    </Platform>
                </DeployClass>
                <DeployClass Name="ProjectOSXEntitlements">
                    <Platform Name="OSX32">
                        <RemoteDir>..\</RemoteDir>
                        <Operation>1</Operation>
                    </Platform>
                </DeployClass>
                <DeployClass Name="UWP_DelphiLogo150">
                    <Platform Name="Win32">
                        <RemoteDir>Assets</RemoteDir>
                        <Operation>1</Operation>
                    </Platform>
                    <Platform Name="Win64">
                        <RemoteDir>Assets</RemoteDir>
                        <Operation>1</Operation>
                    </Platform>
                </DeployClass>
                <DeployClass Name="iPad_Launch2048">
                    <Platform Name="iOSSimulator">
                        <Operation>1</Operation>
                    </Platform>
                    <Platform Name="iOSDevice64">
                        <Operation>1</Operation>
                    </Platform>
                    <Platform Name="iOSDevice32">
                        <Operation>1</Operation>
                    </Platform>
                </DeployClass>
                <DeployClass Name="AndroidSplashStyles">
                    <Platform Name="Android">
                        <RemoteDir>res\values</RemoteDir>
                        <Operation>1</Operation>
                    </Platform>
                </DeployClass>
                <DeployClass Name="Android_SplashImage426">
                    <Platform Name="Android">
                        <RemoteDir>res\drawable-small</RemoteDir>
                        <Operation>1</Operation>
                    </Platform>
                </DeployClass>
                <DeployClass Name="AndroidSplashImageDef">
                    <Platform Name="Android">
                        <RemoteDir>res\drawable</RemoteDir>
                        <Operation>1</Operation>
                    </Platform>
                </DeployClass>
                <DeployClass Name="ProjectiOSResource">
                    <Platform Name="iOSSimulator">
                        <Operation>1</Operation>
                    </Platform>
                    <Platform Name="iOSDevice64">
                        <Operation>1</Operation>
                    </Platform>
                    <Platform Name="iOSDevice32">
                        <Operation>1</Operation>
                    </Platform>
                </DeployClass>
                <DeployClass Name="ProjectAndroidManifest">
                    <Platform Name="Android">
                        <Operation>1</Operation>
                    </Platform>
                </DeployClass>
                <DeployClass Name="Android_DefaultAppIcon">
                    <Platform Name="Android">
                        <RemoteDir>res\drawable</RemoteDir>
                        <Operation>1</Operation>
                    </Platform>
                </DeployClass>
                <DeployClass Name="File">
                    <Platform Name="Win32">
                        <Operation>0</Operation>
                    </Platform>
                    <Platform Name="iOSDevice64">
                        <Operation>0</Operation>
                    </Platform>
                    <Platform Name="OSX32">
                        <RemoteDir>Contents\Resources\StartUp\</RemoteDir>
                        <Operation>0</Operation>
                    </Platform>
                    <Platform Name="iOSDevice32">
                        <Operation>0</Operation>
                    </Platform>
                    <Platform Name="Android">
                        <Operation>0</Operation>
                    </Platform>
                    <Platform Name="iOSSimulator">
                        <Operation>0</Operation>
                    </Platform>
                </DeployClass>
                <DeployClass Name="AndroidServiceOutput">
                    <Platform Name="Android">
                        <RemoteDir>library\lib\armeabi-v7a</RemoteDir>
                        <Operation>1</Operation>
                    </Platform>
                </DeployClass>
                <DeployClass Required="true" Name="DependencyPackage">
                    <Platform Name="Win32">
                        <Operation>0</Operation>
                        <Extensions>.bpl</Extensions>
                    </Platform>
                    <Platform Name="iOSDevice64">
                        <Operation>1</Operation>
                        <Extensions>.dylib</Extensions>
                    </Platform>
                    <Platform Name="OSX32">
                        <RemoteDir>Contents\MacOS</RemoteDir>
                        <Operation>1</Operation>
                        <Extensions>.dylib</Extensions>
                    </Platform>
                    <Platform Name="iOSDevice32">
                        <Operation>1</Operation>
                        <Extensions>.dylib</Extensions>
                    </Platform>
                    <Platform Name="iOSSimulator">
                        <Operation>1</Operation>
                        <Extensions>.dylib</Extensions>
                    </Platform>
                </DeployClass>
                <DeployClass Name="Android_LauncherIcon48">
                    <Platform Name="Android">
                        <RemoteDir>res\drawable-mdpi</RemoteDir>
                        <Operation>1</Operation>
                    </Platform>
                </DeployClass>
                <DeployClass Name="Android_SplashImage960">
                    <Platform Name="Android">
                        <RemoteDir>res\drawable-xlarge</RemoteDir>
                        <Operation>1</Operation>
                    </Platform>
                </DeployClass>
                <DeployClass Name="Android_LauncherIcon36">
                    <Platform Name="Android">
                        <RemoteDir>res\drawable-ldpi</RemoteDir>
                        <Operation>1</Operation>
                    </Platform>
                </DeployClass>
                <DeployClass Name="DependencyModule">
                    <Platform Name="Win32">
                        <Operation>0</Operation>
                        <Extensions>.dll;.bpl</Extensions>
                    </Platform>
                    <Platform Name="iOSDevice64">
                        <Operation>1</Operation>
                        <Extensions>.dylib</Extensions>
                    </Platform>
                    <Platform Name="OSX32">
                        <RemoteDir>Contents\MacOS</RemoteDir>
                        <Operation>1</Operation>
                        <Extensions>.dylib</Extensions>
                    </Platform>
                    <Platform Name="iOSDevice32">
                        <Operation>1</Operation>
                        <Extensions>.dylib</Extensions>
                    </Platform>
                    <Platform Name="iOSSimulator">
                        <Operation>1</Operation>
                        <Extensions>.dylib</Extensions>
                    </Platform>
                </DeployClass>
                <ProjectRoot Platform="iOSDevice64" Name="$(PROJECTNAME).app"/>
                <ProjectRoot Platform="Win64" Name="$(PROJECTNAME)"/>
                <ProjectRoot Platform="iOSDevice32" Name="$(PROJECTNAME).app"/>
                <ProjectRoot Platform="Linux64" Name="$(PROJECTNAME)"/>
                <ProjectRoot Platform="Win32" Name="$(PROJECTNAME)"/>
                <ProjectRoot Platform="OSX32" Name="$(PROJECTNAME).app"/>
                <ProjectRoot Platform="Android" Name="$(PROJECTNAME)"/>
                <ProjectRoot Platform="iOSSimulator" Name="$(PROJECTNAME).app"/>
            </Deployment>
        </BorlandProject>
        <ProjectFileVersion>12</ProjectFileVersion>
    </ProjectExtensions>
    <ItemGroup>
        <DelphiCompile Include="$(MainSource)">
            <MainSource>MainSource</MainSource>
        </DelphiCompile>
        <DCCReference Include="globals.pas"/>
        <DCCReference Include="Datenbank.pas">
            <Form>DataModuleDatenbank</Form>
            <DesignClass>TDataModule</DesignClass>
        </DCCReference>
        <DCCReference Include="Bearbeiter.pas">
            <Form>FormBearbeiter</Form>
        </DCCReference>
        <DCCReference Include="Person.pas">
            <Form>FormPerson</Form>
        </DCCReference>
        <DCCReference Include="Artikel.pas">
            <Form>FormArtikel</Form>
        </DCCReference>
        <DCCReference Include="main.pas">
            <Form>FormMain</Form>
        </DCCReference>
        <DCCReference Include="Serie.pas">
            <Form>FormSerie</Form>
        </DCCReference>
        <DCCReference Include="Laender.pas">
            <Form>FormLaender</Form>
        </DCCReference>
        <DCCReference Include="InternationaleTexte.pas">
            <Form>FormInternationaleTexte</Form>
        </DCCReference>
        <DCCReference Include="SystemPflege.pas">
            <Form>FormSystemPflege</Form>
        </DCCReference>
        <DCCReference Include="PersonDoppelte.pas">
            <Form>FormPersonDoppelte</Form>
        </DCCReference>
        <DCCReference Include="PersonExport.pas">
            <Form>FormPersonExport</Form>
        </DCCReference>
        <DCCReference Include="Belege.pas">
            <Form>FormBelege</Form>
        </DCCReference>
        <DCCReference Include="Lager.pas">
            <Form>FormLager</Form>
        </DCCReference>
        <DCCReference Include="ArtikelSortiment.pas">
            <Form>FormArtikelSortiment</Form>
        </DCCReference>
        <DCCReference Include="MwSt.pas">
            <Form>FormMwSt</Form>
        </DCCReference>
        <DCCReference Include="Einstellungen.pas">
            <Form>FormEinstellungen</Form>
        </DCCReference>
        <DCCReference Include="BelegSuche.pas">
            <Form>FormBelegSuche</Form>
        </DCCReference>
        <DCCReference Include="PersonSuche.pas">
            <Form>FormPersonSuche</Form>
        </DCCReference>
        <DCCReference Include="CreatorMain.pas">
            <Form>FormCreatorMain</Form>
        </DCCReference>
        <DCCReference Include="CreatorOK.pas">
            <Form>FormCreatorOK</Form>
        </DCCReference>
        <DCCReference Include="AusgangsRechnungen.pas">
            <Form>FormAusgangsRechnungen</Form>
        </DCCReference>
        <DCCReference Include="Mahnung.pas">
            <Form>FormMahnung</Form>
        </DCCReference>
        <DCCReference Include="Inventur.pas">
            <Form>FormInventur</Form>
        </DCCReference>
        <DCCReference Include="QueryEdit.pas">
            <Form>FormQueryEdit</Form>
        </DCCReference>
        <DCCReference Include="Ereignis.pas">
            <Form>FormEreignis</Form>
        </DCCReference>
        <DCCReference Include="ArtikelEingabe.pas">
            <Form>FormArtikelEingabe</Form>
        </DCCReference>
        <DCCReference Include="Tagesabschluss.pas">
            <Form>FormTagesAbschluss</Form>
        </DCCReference>
        <DCCReference Include="Versender.pas">
            <Form>FormVersender</Form>
        </DCCReference>
        <DCCReference Include="BelegVersand.pas">
            <Form>FormBelegVersand</Form>
        </DCCReference>
        <DCCReference Include="VersenderPaketID.pas">
            <Form>FormVersenderPaketID</Form>
        </DCCReference>
        <DCCReference Include="BelegRecherche.pas">
            <Form>FormBelegRecherche</Form>
        </DCCReference>
        <DCCReference Include="ArtikelVerlag.pas">
            <Form>FormArtikelVerlag</Form>
        </DCCReference>
        <DCCReference Include="ArtikelBackorder.pas">
            <Form>FormArtikelBackorder</Form>
        </DCCReference>
        <DCCReference Include="PreisCode.pas">
            <Form>FormPreisCode</Form>
        </DCCReference>
        <DCCReference Include="ArtikelAusgabeArt.pas">
            <Form>FormArtikelAusgabeArt</Form>
        </DCCReference>
        <DCCReference Include="Prorata.pas">
            <Form>FormProrata</Form>
        </DCCReference>
        <DCCReference Include="bbelege.pas">
            <Form>FormBBelege</Form>
        </DCCReference>
        <DCCReference Include="BestellArbeitsplatz.pas">
            <Form>FormBestellArbeitsplatz</Form>
        </DCCReference>
        <DCCReference Include="WebShopConnector.pas">
            <Form>FormWebShopConnector</Form>
        </DCCReference>
        <DCCReference Include="Aktion.pas">
            <Form>FormAktion</Form>
        </DCCReference>
        <DCCReference Include="WarenBewegung.pas">
            <Form>FormWarenBewegung</Form>
        </DCCReference>
        <DCCReference Include="NatuerlicheResourcen.pas">
            <Form>FormNatuerlicheResourcen</Form>
        </DCCReference>
        <DCCReference Include="Datensicherung.pas">
            <Form>FormDatensicherung</Form>
        </DCCReference>
        <DCCReference Include="BaseUpdate.pas">
            <Form>FormBaseUpdate</Form>
        </DCCReference>
        <DCCReference Include="ArtikelAusgang.pas">
            <Form>FormArtikelAusgang</Form>
        </DCCReference>
        <DCCReference Include="PreAuftrag.pas">
            <Form>FormPreAuftrag</Form>
        </DCCReference>
        <DCCReference Include="ArtikelPakete.pas">
            <Form>FormArtikelPakete</Form>
        </DCCReference>
        <DCCReference Include="ArtikelNeu.pas">
            <Form>FormArtikelNeu</Form>
        </DCCReference>
        <DCCReference Include="ArtikelRang.pas">
            <Form>FormArtikelRang</Form>
        </DCCReference>
        <DCCReference Include="Tier.pas">
            <Form>FormTier</Form>
        </DCCReference>
        <DCCReference Include="ArtikelLeistung.pas">
            <Form>FormArtikelLeistung</Form>
        </DCCReference>
        <DCCReference Include="MandantAuswahl.pas">
            <Form>FormMandantAuswahl</Form>
        </DCCReference>
        <DCCReference Include="Replikation.pas">
            <Form>FormReplikation</Form>
        </DCCReference>
        <DCCReference Include="TierAuswahl.pas">
            <Form>FormTierAuswahl</Form>
        </DCCReference>
        <DCCReference Include="ArtikelKategorie.pas">
            <Form>FormArtikelKategorie</Form>
        </DCCReference>
        <DCCReference Include="OLAP.pas">
            <Form>FormOLAP</Form>
        </DCCReference>
        <DCCReference Include="DruckLabel.pas">
            <Form>FormDruckLabel</Form>
        </DCCReference>
        <DCCReference Include="DruckSpooler.pas">
            <Form>FormDruckSpooler</Form>
        </DCCReference>
        <DCCReference Include="Objektverwaltung.pas">
            <Form>FormObjektverwaltung</Form>
        </DCCReference>
        <DCCReference Include="RechnungsUebersicht.pas">
            <Form>FormRechnungsUebersicht</Form>
        </DCCReference>
        <DCCReference Include="Baustelle.pas">
            <Form>FormBaustelle</Form>
        </DCCReference>
        <DCCReference Include="Budget.pas">
            <Form>FormBudget</Form>
        </DCCReference>
        <DCCReference Include="Arbeitszeit.pas">
            <Form>FormArbeitszeit</Form>
        </DCCReference>
        <DCCReference Include="GeoPostleitzahlen.pas">
            <Form>FormGeoPostleitzahlen</Form>
        </DCCReference>
        <DCCReference Include="Zahlungsart.pas">
            <Form>FormZahlungsart</Form>
        </DCCReference>
        <DCCReference Include="Musiker.pas">
            <Form>FormMusiker</Form>
        </DCCReference>
        <DCCReference Include="FolgeSetzen.pas">
            <Form>FormFolgeSetzen</Form>
        </DCCReference>
        <DCCReference Include="ArtikelContext.pas">
            <Form>FormArtikelContext</Form>
        </DCCReference>
        <DCCReference Include="QProfil.pas">
            <Form>FormQProfil</Form>
        </DCCReference>
        <DCCReference Include="QArbeitsbereich.pas">
            <Form>FormQArbeitsbereich</Form>
        </DCCReference>
        <DCCReference Include="QAuftrag.pas">
            <Form>FormQAuftrag</Form>
        </DCCReference>
        <DCCReference Include="QGruppe.pas">
            <Form>FormQGruppe</Form>
        </DCCReference>
        <DCCReference Include="Qmain.pas">
            <Form>FormQMain</Form>
        </DCCReference>
        <DCCReference Include="Medium.pas">
            <Form>FormMedium</Form>
        </DCCReference>
        <DCCReference Include="QAbzeichnen.pas">
            <Form>FormQAbzeichnen</Form>
        </DCCReference>
        <DCCReference Include="CareServer.pas">
            <Form>FormCareServer</Form>
        </DCCReference>
        <DCCReference Include="PersonMailer.pas">
            <Form>FormPersonMailer</Form>
        </DCCReference>
        <DCCReference Include="ArtikelAusgabeartAuswahl.pas">
            <Form>FormArtikelAusgabeartAuswahl</Form>
        </DCCReference>
        <DCCReference Include="ArtikelPreis.pas">
            <Form>FormArtikelPreis</Form>
        </DCCReference>
        <DCCReference Include="AnschriftOptimierung.pas">
            <Form>FormAnschriftOptimierung</Form>
        </DCCReference>
        <DCCReference Include="Auftrag.pas">
            <Form>FormAuftrag</Form>
        </DCCReference>
        <DCCReference Include="AuftragAssist.pas">
            <Form>FormAuftragAssist</Form>
        </DCCReference>
        <DCCReference Include="AuftragExtern.pas">
            <Form>FormAuftragExtern</Form>
        </DCCReference>
        <DCCReference Include="AuftragErgebnis.pas">
            <Form>FormAuftragErgebnis</Form>
        </DCCReference>
        <DCCReference Include="AuftragSuche.pas">
            <Form>FormAuftragSuche</Form>
        </DCCReference>
        <DCCReference Include="AuftragImport.pas">
            <Form>FormAuftragImport</Form>
        </DCCReference>
        <DCCReference Include="AuftragMobil.pas">
            <Form>FormAuftragMobil</Form>
        </DCCReference>
        <DCCReference Include="MonteurUmfang.pas">
            <Form>FormMonteurUmfang</Form>
        </DCCReference>
        <DCCReference Include="PlanquadratNachfrage.pas">
            <Form>FormPlanquadratNachfrage</Form>
        </DCCReference>
        <DCCReference Include="Tagwache.pas">
            <Form>FormTagwache</Form>
        </DCCReference>
        <DCCReference Include="AuftragArbeitsplatz.pas">
            <Form>FormAuftragArbeitsplatz</Form>
        </DCCReference>
        <DCCReference Include="Buchhalter.pas">
            <Form>FormBuchhalter</Form>
        </DCCReference>
        <DCCReference Include="AutoUp.pas">
            <Form>FormAutoUp</Form>
        </DCCReference>
        <DCCReference Include="GeoLokalisierung.pas">
            <Form>FormGeoLokalisierung</Form>
        </DCCReference>
        <DCCReference Include="AuftragGeo.pas">
            <Form>FormAuftragGeo</Form>
        </DCCReference>
        <DCCReference Include="GeoArbeitsplatz.pas">
            <Form>FormGeoArbeitsplatz</Form>
        </DCCReference>
        <DCCReference Include="QTicketArbeitsplatz.pas">
            <Form>FormQTicketArbeitsplatz</Form>
        </DCCReference>
        <DCCReference Include="Buchung.pas">
            <Form>FormBuchung</Form>
        </DCCReference>
        <DCCReference Include="ZahlungECconnect.pas">
            <Form>FormZahlungECconnect</Form>
        </DCCReference>
        <DCCReference Include="AuftragBildzuordnung.pas">
            <Form>FormAuftragBildzuordnung</Form>
        </DCCReference>
        <DCCReference Include="ArtikelEinheit.pas">
            <Form>FormArtikelEinheit</Form>
        </DCCReference>
        <DCCReference Include="PlakatDruck.pas">
            <Form>FormPlakatDruck</Form>
        </DCCReference>
        <DCCReference Include="Vertrag.pas">
            <Form>FormVertrag</Form>
        </DCCReference>
        <DCCReference Include="Kontext.pas">
            <Form>FormKontext</Form>
        </DCCReference>
        <DCCReference Include="ArtikelAAA.pas">
            <Form>FormArtikelAAA</Form>
        </DCCReference>
        <DCCReference Include="BuchBarKasse.pas">
            <Form>FormBuchBarKasse</Form>
        </DCCReference>
        <DCCReference Include="epIMPORT.pas">
            <Form>FormepIMPORT</Form>
        </DCCReference>
        <DCCReference Include="FavoritenSQL.pas">
            <Form>FormSQLFavoriten</Form>
        </DCCReference>
        <DCCReference Include="..\libxml2\libxml2.pas"/>
        <DCCReference Include="eConnect.pas"/>
        <DCCReference Include="Kalender.pas">
            <Form>FormKalender</Form>
        </DCCReference>
        <DCCReference Include="Auswertung.pas">
            <Form>FormAuswertung</Form>
        </DCCReference>
        <DCCReference Include="Audit.pas">
            <Form>FormAudit</Form>
        </DCCReference>
        <DCCReference Include="FrageLoeschenMonteurInfo.pas">
            <Form>FormFrageLoeschenMonteurInfo</Form>
        </DCCReference>
        <DCCReference Include="feiertage.pas">
            <Form>FormOfficialHolidays</Form>
        </DCCReference>
        <DCCReference Include="feiertagbearbeiten.pas">
            <Form>FormEditOfficialHolidays</Form>
        </DCCReference>
        <DCCReference Include="..\PASvisTools\wanfix.pas"/>
        <DCCReference Include="..\PASvisTools\splash.pas">
            <Form>FormSplashScreen</Form>
        </DCCReference>
        <DCCReference Include="..\PASvisTools\SysHot.pas"/>
        <DCCReference Include="..\PASconTools\Geld.pas"/>
        <DCCReference Include="..\PASconTools\gplists.pas"/>
        <DCCReference Include="..\PASconTools\anfix.pas"/>
        <DCCReference Include="..\PASconTools\sperre.pas"/>
        <DCCReference Include="..\PASconTools\ExcelHelper.pas"/>
        <DCCReference Include="..\PASconTools\WordIndex.pas"/>
        <DCCReference Include="..\PASconTools\CareTakerClient.pas"/>
        <DCCReference Include="..\PASconTools\html.pas"/>
        <DCCReference Include="..\PASconTools\DTA.PAS"/>
        <DCCReference Include="..\PASconTools\OrientationConvert.pas"/>
        <DCCReference Include="..\PASconTools\binlager.pas"/>
        <DCCReference Include="..\PASconTools\SolidFTP.pas"/>
        <DCCReference Include="..\PASconTools\GeoCache.pas"/>
        <DCCReference Include="..\PASconTools\basic.pas"/>
        <DCCReference Include="..\PASconTools\srvXMLRPC.pas"/>
        <DCCReference Include="..\PASconTools\ContextBase.pas"/>
        <DCCReference Include="..\PASconTools\FastGEO.pas"/>
        <DCCReference Include="..\PASconTools\OpenOfficePDF.pas"/>
        <DCCReference Include="..\PASconTools\SimplePassword.pas"/>
        <DCCReference Include="..\PASvisTools\WinAmp.pas"/>
        <DCCReference Include="..\PASconTools\Mapping.pas"/>
        <DCCReference Include="..\PASconTools\IBExcel.pas"/>
        <DCCReference Include="..\PASconTools\txHoliday.pas"/>
        <DCCReference Include="..\PASconTools\OpenStreetMap.pas"/>
        <DCCReference Include="Auswertung.Generator.MixStatistik.config.pas">
            <Form>FormAGM_Config</Form>
        </DCCReference>
        <DCCReference Include="Auswertung.Generator.MixStatistik.editcity.pas">
            <Form>FormAGM_EditCity</Form>
        </DCCReference>
        <DCCReference Include="Auswertung.Generator.MixStatistik.lnmits.pas"/>
        <DCCReference Include="Auswertung.Generator.MixStatistik.main.pas">
            <Form>FormAGM_Main</Form>
        </DCCReference>
        <DCCReference Include="ArtikelBild.pas">
            <Form>FormArtikelBild</Form>
        </DCCReference>
        <DCCReference Include="Resource.SiteDownload.pas">
            <Form>FormSiteDownload</Form>
        </DCCReference>
        <DCCReference Include="Funktionen_Basis.pas"/>
        <DCCReference Include="Funktionen_Beleg.pas"/>
        <DCCReference Include="Funktionen_Auftrag.pas"/>
        <DCCReference Include="Funktionen_Buch.pas"/>
        <DCCReference Include="ArtikelKasse.pas">
            <Form>FormArtikelKasse</Form>
        </DCCReference>
        <DCCReference Include="ArtikelPOS.pas">
            <Form>FormArtikelPOS</Form>
        </DCCReference>
        <DCCReference Include="Funktionen_Transaktion.pas"/>
        <DCCReference Include="Funktionen_LokaleDaten.pas"/>
        <DCCReference Include="..\..\IBO5\source\core\IB_Components.pas"/>
        <DCCReference Include="..\..\IBO5\source\access\IB_Access.pas"/>
        <DCCReference Include="..\PASconTools\dbOrgaMon.pas"/>
        <DCCReference Include="..\PASconTools\memcache.pas"/>
        <DCCReference Include="..\PASvisTools\GUIhelp.pas">
            <Form>DataModuleGUIhelp</Form>
            <DesignClass>TDataModule</DesignClass>
        </DCCReference>
        <DCCReference Include="ServiceApp.pas">
            <Form>FormServiceApp</Form>
        </DCCReference>
        <DCCReference Include="ServiceFoto.pas">
            <Form>FormServiceFoto</Form>
        </DCCReference>
        <DCCReference Include="..\PASconTools\Foto.pas"/>
        <DCCReference Include="..\PASconTools\systemd.pas"/>
        <DCCReference Include="ArtikelEingang.pas">
            <Form>FormArtikelEingang</Form>
            <FormType>dfm</FormType>
        </DCCReference>
        <DCCReference Include="..\PASconTools\c7zip.pas"/>
        <DCCReference Include="Funktionen_App.pas"/>
        <DCCReference Include="Funktionen_OLAP.pas"/>
        <DCCReference Include="Funktionen_Artikel.pas"/>
        <DCCReference Include="..\TGPuttyLib\tgputtylib.pas"/>
        <DCCReference Include="..\TGPuttyLib\tgputtysftp.pas"/>
        <DCCReference Include="AuftragFoto.pas">
            <Form>AuftragFoto1</Form>
            <FormType>dfm</FormType>
        </DCCReference>
        <DCCReference Include="..\PASconTools\txXML.pas"/>
        <DCCReference Include="LiefMahn.pas">
            <Form>FormLiefMahn</Form>
            <FormType>dfm</FormType>
        </DCCReference>
        <None Include="..\rev\Oc.rev.txt"/>
        <None Include="..\rev\OrgaMon.rev.txt"/>
        <None Include="..\rev\Hausverwaltung.rev.txt"/>
        <None Include="..\rev\WordIndex.rev.txt"/>
        <None Include="..\rev\anfix.rev.txt"/>
        <BuildConfiguration Include="Debug">
            <Key>Cfg_2</Key>
            <CfgParent>Base</CfgParent>
        </BuildConfiguration>
        <BuildConfiguration Include="Base">
            <Key>Base</Key>
        </BuildConfiguration>
        <BuildConfiguration Include="Release">
            <Key>Cfg_1</Key>
            <CfgParent>Base</CfgParent>
        </BuildConfiguration>
    </ItemGroup>
    <Import Condition="Exists('$(BDS)\Bin\CodeGear.Delphi.Targets')" Project="$(BDS)\Bin\CodeGear.Delphi.Targets"/>
    <Import Condition="Exists('$(APPDATA)\Embarcadero\$(BDSAPPDATABASEDIR)\$(PRODUCTVERSION)\UserTools.proj')" Project="$(APPDATA)\Embarcadero\$(BDSAPPDATABASEDIR)\$(PRODUCTVERSION)\UserTools.proj"/>
    <Import Project="$(MSBuildProjectName).deployproj" Condition="Exists('$(MSBuildProjectName).deployproj')"/>
</Project>
